// !$*UTF8*$!
{
	archiveVersion = 1;
	classes = {
	};
	objectVersion = 55;
	objects = {

/* Begin PBXBuildFile section */
		0A703B532896AB8300A05124 /* LoginAPI.swift in Sources */ = {isa = PBXBuildFile; fileRef = 0A703B522896AB8300A05124 /* LoginAPI.swift */; };
		0A703B572896B4DC00A05124 /* ErrorPayLoad.swift in Sources */ = {isa = PBXBuildFile; fileRef = 0A703B562896B4DC00A05124 /* ErrorPayLoad.swift */; };
		0A703B592896BC5E00A05124 /* WeatherInfo.swift in Sources */ = {isa = PBXBuildFile; fileRef = 0A703B582896BC5E00A05124 /* WeatherInfo.swift */; };
		0ABA2821288D5B55000D889B /* AppDelegate.swift in Sources */ = {isa = PBXBuildFile; fileRef = 0ABA2820288D5B55000D889B /* AppDelegate.swift */; };
		0ABA2823288D5B55000D889B /* SceneDelegate.swift in Sources */ = {isa = PBXBuildFile; fileRef = 0ABA2822288D5B55000D889B /* SceneDelegate.swift */; };
		0ABA2825288D5B55000D889B /* LoginVC.swift in Sources */ = {isa = PBXBuildFile; fileRef = 0ABA2824288D5B55000D889B /* LoginVC.swift */; };
		0ABA2828288D5B55000D889B /* Main.storyboard in Resources */ = {isa = PBXBuildFile; fileRef = 0ABA2826288D5B55000D889B /* Main.storyboard */; };
		0ABA282A288D5B56000D889B /* Assets.xcassets in Resources */ = {isa = PBXBuildFile; fileRef = 0ABA2829288D5B56000D889B /* Assets.xcassets */; };
		0ABA282D288D5B56000D889B /* LaunchScreen.storyboard in Resources */ = {isa = PBXBuildFile; fileRef = 0ABA282B288D5B56000D889B /* LaunchScreen.storyboard */; };
		0AF4308A288FD8800078B2D5 /* ApplicantCoordinator.swift in Sources */ = {isa = PBXBuildFile; fileRef = 0AF43089288FD8800078B2D5 /* ApplicantCoordinator.swift */; };
		0AF4308C288FD8E90078B2D5 /* ApplicantViewController.swift in Sources */ = {isa = PBXBuildFile; fileRef = 0AF4308B288FD8E90078B2D5 /* ApplicantViewController.swift */; };
		0AF4308E288FDC230078B2D5 /* RecordCoordinator.swift in Sources */ = {isa = PBXBuildFile; fileRef = 0AF4308D288FDC230078B2D5 /* RecordCoordinator.swift */; };
		0AF43093288FDC850078B2D5 /* RecordViewController.swift in Sources */ = {isa = PBXBuildFile; fileRef = 0AF43092288FDC850078B2D5 /* RecordViewController.swift */; };
		73B35A699773E2A2848FCE3D /* Pods_GoodListener.framework in Frameworks */ = {isa = PBXBuildFile; fileRef = 5450741D5E8F8D9D306A0E69 /* Pods_GoodListener.framework */; };
		E8A7953A289CB28000EF9E1B /* FontManager.swift in Sources */ = {isa = PBXBuildFile; fileRef = E8A79539289CB28000EF9E1B /* FontManager.swift */; };
		E8A79544289CC9CA00EF9E1B /* NotoSansKR-Light.otf in Resources */ = {isa = PBXBuildFile; fileRef = E8A7953D289CC9CA00EF9E1B /* NotoSansKR-Light.otf */; };
		E8A79545289CC9CA00EF9E1B /* NotoSansKR-Bold.otf in Resources */ = {isa = PBXBuildFile; fileRef = E8A7953E289CC9CA00EF9E1B /* NotoSansKR-Bold.otf */; };
		E8A79546289CC9CA00EF9E1B /* NotoSansKR-Thin.otf in Resources */ = {isa = PBXBuildFile; fileRef = E8A7953F289CC9CA00EF9E1B /* NotoSansKR-Thin.otf */; };
		E8A79547289CC9CA00EF9E1B /* OFL.txt in Resources */ = {isa = PBXBuildFile; fileRef = E8A79540289CC9CA00EF9E1B /* OFL.txt */; };
		E8A79548289CC9CA00EF9E1B /* NotoSansKR-Black.otf in Resources */ = {isa = PBXBuildFile; fileRef = E8A79541289CC9CA00EF9E1B /* NotoSansKR-Black.otf */; };
		E8A79549289CC9CA00EF9E1B /* NotoSansKR-Medium.otf in Resources */ = {isa = PBXBuildFile; fileRef = E8A79542289CC9CA00EF9E1B /* NotoSansKR-Medium.otf */; };
		E8A7954A289CC9CA00EF9E1B /* NotoSansKR-Regular.otf in Resources */ = {isa = PBXBuildFile; fileRef = E8A79543289CC9CA00EF9E1B /* NotoSansKR-Regular.otf */; };
		E8A7954D289CCC4700EF9E1B /* Colors.swift in Sources */ = {isa = PBXBuildFile; fileRef = E8A7954C289CCC4700EF9E1B /* Colors.swift */; };
		E8A79552289CD71000EF9E1B /* GoogleService-Info.plist in Resources */ = {isa = PBXBuildFile; fileRef = E8A79551289CD71000EF9E1B /* GoogleService-Info.plist */; };
		E8A79554289CDA7700EF9E1B /* GLButton.swift in Sources */ = {isa = PBXBuildFile; fileRef = E8A79553289CDA7700EF9E1B /* GLButton.swift */; };
		E8B4435128A0E8540003815B /* PersonalInfoVC.swift in Sources */ = {isa = PBXBuildFile; fileRef = E8B4435028A0E8540003815B /* PersonalInfoVC.swift */; };
		E8B4435828A0EADD0003815B /* NicknameSetupVC.swift in Sources */ = {isa = PBXBuildFile; fileRef = E8B4435728A0EADD0003815B /* NicknameSetupVC.swift */; };
		E8C3320928925F3400ECE59C /* CallViewController.swift in Sources */ = {isa = PBXBuildFile; fileRef = E8C3320828925F3400ECE59C /* CallViewController.swift */; };
		E8C3320B289265F400ECE59C /* CallManager.swift in Sources */ = {isa = PBXBuildFile; fileRef = E8C3320A289265F400ECE59C /* CallManager.swift */; };
		E8C3320D289366DF00ECE59C /* LoginViewModel.swift in Sources */ = {isa = PBXBuildFile; fileRef = E8C3320C289366DF00ECE59C /* LoginViewModel.swift */; };
		E8CB6566288E35090076E254 /* Log.swift in Sources */ = {isa = PBXBuildFile; fileRef = E8CB6565288E35090076E254 /* Log.swift */; };
		E8CB6568288E359A0076E254 /* ViewModelType.swift in Sources */ = {isa = PBXBuildFile; fileRef = E8CB6567288E359A0076E254 /* ViewModelType.swift */; };
		E8CB6574288E6B130076E254 /* SnapKitType.swift in Sources */ = {isa = PBXBuildFile; fileRef = E8CB6573288E6B130076E254 /* SnapKitType.swift */; };
		E8CE19E2289CE08C007A56FE /* UIButton+.swift in Sources */ = {isa = PBXBuildFile; fileRef = E8CE19E1289CE08C007A56FE /* UIButton+.swift */; };
		E8CE19E4289CE15E007A56FE /* Const.swift in Sources */ = {isa = PBXBuildFile; fileRef = E8CE19E3289CE15E007A56FE /* Const.swift */; };
		E8CFBCC4288F6DA000D63B07 /* CoordinatorType.swift in Sources */ = {isa = PBXBuildFile; fileRef = E8CFBCC3288F6DA000D63B07 /* CoordinatorType.swift */; };
		E8CFBCC7288F6DE900D63B07 /* LoginCoordinator.swift in Sources */ = {isa = PBXBuildFile; fileRef = E8CFBCC6288F6DE900D63B07 /* LoginCoordinator.swift */; };
		E8CFBCCD288F710300D63B07 /* AuthVC.swift in Sources */ = {isa = PBXBuildFile; fileRef = E8CFBCCC288F710300D63B07 /* AuthVC.swift */; };
		E8CFBCCF288F73AB00D63B07 /* AppCoordinator.swift in Sources */ = {isa = PBXBuildFile; fileRef = E8CFBCCE288F73AB00D63B07 /* AppCoordinator.swift */; };
		E8CFBCD8288F7A9C00D63B07 /* HomeCoordinator.swift in Sources */ = {isa = PBXBuildFile; fileRef = E8CFBCD7288F7A9C00D63B07 /* HomeCoordinator.swift */; };
		E8CFBCDA288F7B4800D63B07 /* HomeViewController.swift in Sources */ = {isa = PBXBuildFile; fileRef = E8CFBCD9288F7B4800D63B07 /* HomeViewController.swift */; };
		E8CFBCDC288F7D0900D63B07 /* MainCoordinator.swift in Sources */ = {isa = PBXBuildFile; fileRef = E8CFBCDB288F7D0900D63B07 /* MainCoordinator.swift */; };
		E8CFBCE1288F874C00D63B07 /* MyPageViewController.swift in Sources */ = {isa = PBXBuildFile; fileRef = E8CFBCE0288F874C00D63B07 /* MyPageViewController.swift */; };
		E8CFBCE3288F876400D63B07 /* MyPageCoordinator.swift in Sources */ = {isa = PBXBuildFile; fileRef = E8CFBCE2288F876400D63B07 /* MyPageCoordinator.swift */; };
		E8CFBCEA288FDB9C00D63B07 /* UIView+.swift in Sources */ = {isa = PBXBuildFile; fileRef = E8CFBCE9288FDB9C00D63B07 /* UIView+.swift */; };
		E8D09854289A6C4D008AD55F /* SocketManager.swift in Sources */ = {isa = PBXBuildFile; fileRef = E8D09853289A6C4D008AD55F /* SocketManager.swift */; };
/* End PBXBuildFile section */

/* Begin PBXFileReference section */
		0A703B522896AB8300A05124 /* LoginAPI.swift */ = {isa = PBXFileReference; lastKnownFileType = sourcecode.swift; name = LoginAPI.swift; path = Network/LoginAPI.swift; sourceTree = SOURCE_ROOT; };
		0A703B562896B4DC00A05124 /* ErrorPayLoad.swift */ = {isa = PBXFileReference; lastKnownFileType = sourcecode.swift; name = ErrorPayLoad.swift; path = GoodListener/Domain/Entities/ErrorPayLoad.swift; sourceTree = SOURCE_ROOT; };
		0A703B582896BC5E00A05124 /* WeatherInfo.swift */ = {isa = PBXFileReference; lastKnownFileType = sourcecode.swift; name = WeatherInfo.swift; path = GoodListener/Domain/Entities/WeatherInfo.swift; sourceTree = SOURCE_ROOT; };
		0ABA281D288D5B55000D889B /* GoodListener.app */ = {isa = PBXFileReference; explicitFileType = wrapper.application; includeInIndex = 0; path = GoodListener.app; sourceTree = BUILT_PRODUCTS_DIR; };
		0ABA2820288D5B55000D889B /* AppDelegate.swift */ = {isa = PBXFileReference; lastKnownFileType = sourcecode.swift; path = AppDelegate.swift; sourceTree = "<group>"; };
		0ABA2822288D5B55000D889B /* SceneDelegate.swift */ = {isa = PBXFileReference; lastKnownFileType = sourcecode.swift; path = SceneDelegate.swift; sourceTree = "<group>"; };
		0ABA2824288D5B55000D889B /* LoginVC.swift */ = {isa = PBXFileReference; lastKnownFileType = sourcecode.swift; path = LoginVC.swift; sourceTree = "<group>"; };
		0ABA2827288D5B55000D889B /* Base */ = {isa = PBXFileReference; lastKnownFileType = file.storyboard; name = Base; path = Base.lproj/Main.storyboard; sourceTree = "<group>"; };
		0ABA2829288D5B56000D889B /* Assets.xcassets */ = {isa = PBXFileReference; lastKnownFileType = folder.assetcatalog; path = Assets.xcassets; sourceTree = "<group>"; };
		0ABA282C288D5B56000D889B /* Base */ = {isa = PBXFileReference; lastKnownFileType = file.storyboard; name = Base; path = Base.lproj/LaunchScreen.storyboard; sourceTree = "<group>"; };
		0AF43089288FD8800078B2D5 /* ApplicantCoordinator.swift */ = {isa = PBXFileReference; lastKnownFileType = sourcecode.swift; path = ApplicantCoordinator.swift; sourceTree = "<group>"; };
		0AF4308B288FD8E90078B2D5 /* ApplicantViewController.swift */ = {isa = PBXFileReference; lastKnownFileType = sourcecode.swift; path = ApplicantViewController.swift; sourceTree = "<group>"; };
		0AF4308D288FDC230078B2D5 /* RecordCoordinator.swift */ = {isa = PBXFileReference; lastKnownFileType = sourcecode.swift; path = RecordCoordinator.swift; sourceTree = "<group>"; };
		0AF43092288FDC850078B2D5 /* RecordViewController.swift */ = {isa = PBXFileReference; lastKnownFileType = sourcecode.swift; path = RecordViewController.swift; sourceTree = "<group>"; };
		0F1AC0E77A46575A9E243914 /* Pods-GoodListener.release.xcconfig */ = {isa = PBXFileReference; includeInIndex = 1; lastKnownFileType = text.xcconfig; name = "Pods-GoodListener.release.xcconfig"; path = "Target Support Files/Pods-GoodListener/Pods-GoodListener.release.xcconfig"; sourceTree = "<group>"; };
		47C5C925F8CF8A111AFD7E1E /* Pods-GoodListener.debug.xcconfig */ = {isa = PBXFileReference; includeInIndex = 1; lastKnownFileType = text.xcconfig; name = "Pods-GoodListener.debug.xcconfig"; path = "Target Support Files/Pods-GoodListener/Pods-GoodListener.debug.xcconfig"; sourceTree = "<group>"; };
		5450741D5E8F8D9D306A0E69 /* Pods_GoodListener.framework */ = {isa = PBXFileReference; explicitFileType = wrapper.framework; includeInIndex = 0; path = Pods_GoodListener.framework; sourceTree = BUILT_PRODUCTS_DIR; };
		E83BD7FD288E7165006B98B2 /* Info.plist */ = {isa = PBXFileReference; fileEncoding = 4; lastKnownFileType = text.plist.xml; path = Info.plist; sourceTree = "<group>"; };
		E8A79539289CB28000EF9E1B /* FontManager.swift */ = {isa = PBXFileReference; lastKnownFileType = sourcecode.swift; path = FontManager.swift; sourceTree = "<group>"; };
		E8A7953D289CC9CA00EF9E1B /* NotoSansKR-Light.otf */ = {isa = PBXFileReference; lastKnownFileType = file; path = "NotoSansKR-Light.otf"; sourceTree = "<group>"; };
		E8A7953E289CC9CA00EF9E1B /* NotoSansKR-Bold.otf */ = {isa = PBXFileReference; lastKnownFileType = file; path = "NotoSansKR-Bold.otf"; sourceTree = "<group>"; };
		E8A7953F289CC9CA00EF9E1B /* NotoSansKR-Thin.otf */ = {isa = PBXFileReference; lastKnownFileType = file; path = "NotoSansKR-Thin.otf"; sourceTree = "<group>"; };
		E8A79540289CC9CA00EF9E1B /* OFL.txt */ = {isa = PBXFileReference; fileEncoding = 4; lastKnownFileType = text; path = OFL.txt; sourceTree = "<group>"; };
		E8A79541289CC9CA00EF9E1B /* NotoSansKR-Black.otf */ = {isa = PBXFileReference; lastKnownFileType = file; path = "NotoSansKR-Black.otf"; sourceTree = "<group>"; };
		E8A79542289CC9CA00EF9E1B /* NotoSansKR-Medium.otf */ = {isa = PBXFileReference; lastKnownFileType = file; path = "NotoSansKR-Medium.otf"; sourceTree = "<group>"; };
		E8A79543289CC9CA00EF9E1B /* NotoSansKR-Regular.otf */ = {isa = PBXFileReference; lastKnownFileType = file; path = "NotoSansKR-Regular.otf"; sourceTree = "<group>"; };
		E8A7954C289CCC4700EF9E1B /* Colors.swift */ = {isa = PBXFileReference; lastKnownFileType = sourcecode.swift; path = Colors.swift; sourceTree = "<group>"; };
		E8A79551289CD71000EF9E1B /* GoogleService-Info.plist */ = {isa = PBXFileReference; fileEncoding = 4; lastKnownFileType = text.plist.xml; path = "GoogleService-Info.plist"; sourceTree = "<group>"; };
		E8A79553289CDA7700EF9E1B /* GLButton.swift */ = {isa = PBXFileReference; lastKnownFileType = sourcecode.swift; path = GLButton.swift; sourceTree = "<group>"; };
		E8B4435028A0E8540003815B /* PersonalInfoVC.swift */ = {isa = PBXFileReference; lastKnownFileType = sourcecode.swift; path = PersonalInfoVC.swift; sourceTree = "<group>"; };
		E8B4435728A0EADD0003815B /* NicknameSetupVC.swift */ = {isa = PBXFileReference; lastKnownFileType = sourcecode.swift; path = NicknameSetupVC.swift; sourceTree = "<group>"; };
		E8C3320828925F3400ECE59C /* CallViewController.swift */ = {isa = PBXFileReference; lastKnownFileType = sourcecode.swift; path = CallViewController.swift; sourceTree = "<group>"; };
		E8C3320A289265F400ECE59C /* CallManager.swift */ = {isa = PBXFileReference; lastKnownFileType = sourcecode.swift; path = CallManager.swift; sourceTree = "<group>"; };
		E8C3320C289366DF00ECE59C /* LoginViewModel.swift */ = {isa = PBXFileReference; lastKnownFileType = sourcecode.swift; path = LoginViewModel.swift; sourceTree = "<group>"; };
		E8CB6565288E35090076E254 /* Log.swift */ = {isa = PBXFileReference; lastKnownFileType = sourcecode.swift; path = Log.swift; sourceTree = "<group>"; };
		E8CB6567288E359A0076E254 /* ViewModelType.swift */ = {isa = PBXFileReference; lastKnownFileType = sourcecode.swift; path = ViewModelType.swift; sourceTree = "<group>"; };
		E8CB6573288E6B130076E254 /* SnapKitType.swift */ = {isa = PBXFileReference; lastKnownFileType = sourcecode.swift; path = SnapKitType.swift; sourceTree = "<group>"; };
		E8CE19E1289CE08C007A56FE /* UIButton+.swift */ = {isa = PBXFileReference; lastKnownFileType = sourcecode.swift; path = "UIButton+.swift"; sourceTree = "<group>"; };
		E8CE19E3289CE15E007A56FE /* Const.swift */ = {isa = PBXFileReference; lastKnownFileType = sourcecode.swift; path = Const.swift; sourceTree = "<group>"; };
		E8CFBCC2288E8F1F00D63B07 /* GoodListener.entitlements */ = {isa = PBXFileReference; lastKnownFileType = text.plist.entitlements; path = GoodListener.entitlements; sourceTree = "<group>"; };
		E8CFBCC3288F6DA000D63B07 /* CoordinatorType.swift */ = {isa = PBXFileReference; lastKnownFileType = sourcecode.swift; path = CoordinatorType.swift; sourceTree = "<group>"; };
		E8CFBCC6288F6DE900D63B07 /* LoginCoordinator.swift */ = {isa = PBXFileReference; lastKnownFileType = sourcecode.swift; path = LoginCoordinator.swift; sourceTree = "<group>"; };
		E8CFBCCC288F710300D63B07 /* AuthVC.swift */ = {isa = PBXFileReference; lastKnownFileType = sourcecode.swift; path = AuthVC.swift; sourceTree = "<group>"; };
		E8CFBCCE288F73AB00D63B07 /* AppCoordinator.swift */ = {isa = PBXFileReference; lastKnownFileType = sourcecode.swift; path = AppCoordinator.swift; sourceTree = "<group>"; };
		E8CFBCD7288F7A9C00D63B07 /* HomeCoordinator.swift */ = {isa = PBXFileReference; lastKnownFileType = sourcecode.swift; path = HomeCoordinator.swift; sourceTree = "<group>"; };
		E8CFBCD9288F7B4800D63B07 /* HomeViewController.swift */ = {isa = PBXFileReference; lastKnownFileType = sourcecode.swift; path = HomeViewController.swift; sourceTree = "<group>"; };
		E8CFBCDB288F7D0900D63B07 /* MainCoordinator.swift */ = {isa = PBXFileReference; lastKnownFileType = sourcecode.swift; path = MainCoordinator.swift; sourceTree = "<group>"; };
		E8CFBCE0288F874C00D63B07 /* MyPageViewController.swift */ = {isa = PBXFileReference; lastKnownFileType = sourcecode.swift; path = MyPageViewController.swift; sourceTree = "<group>"; };
		E8CFBCE2288F876400D63B07 /* MyPageCoordinator.swift */ = {isa = PBXFileReference; lastKnownFileType = sourcecode.swift; path = MyPageCoordinator.swift; sourceTree = "<group>"; };
		E8CFBCE9288FDB9C00D63B07 /* UIView+.swift */ = {isa = PBXFileReference; lastKnownFileType = sourcecode.swift; path = "UIView+.swift"; sourceTree = "<group>"; };
		E8D09853289A6C4D008AD55F /* SocketManager.swift */ = {isa = PBXFileReference; lastKnownFileType = sourcecode.swift; path = SocketManager.swift; sourceTree = "<group>"; };
/* End PBXFileReference section */

/* Begin PBXFrameworksBuildPhase section */
		0ABA281A288D5B55000D889B /* Frameworks */ = {
			isa = PBXFrameworksBuildPhase;
			buildActionMask = 2147483647;
			files = (
				73B35A699773E2A2848FCE3D /* Pods_GoodListener.framework in Frameworks */,
			);
			runOnlyForDeploymentPostprocessing = 0;
		};
/* End PBXFrameworksBuildPhase section */

/* Begin PBXGroup section */
		0ABA2814288D5B55000D889B = {
			isa = PBXGroup;
			children = (
				0ABA281F288D5B55000D889B /* GoodListener */,
				0ABA281E288D5B55000D889B /* Products */,
				EFE54EE7D3D04F3932FBA642 /* Pods */,
				9E5395048E9945AE010C76B6 /* Frameworks */,
			);
			sourceTree = "<group>";
		};
		0ABA281E288D5B55000D889B /* Products */ = {
			isa = PBXGroup;
			children = (
				0ABA281D288D5B55000D889B /* GoodListener.app */,
			);
			name = Products;
			sourceTree = "<group>";
		};
		0ABA281F288D5B55000D889B /* GoodListener */ = {
			isa = PBXGroup;
			children = (
				E8CFBCC2288E8F1F00D63B07 /* GoodListener.entitlements */,
				E8CFBCBE288E74C200D63B07 /* Data */,
				E8CB656D288E667F0076E254 /* Presentation */,
				E8CB656C288E66780076E254 /* Domain */,
				E8CB656A288E35D40076E254 /* Support */,
				E8CB6570288E67610076E254 /* Resources */,
				E8CFBCEB288FDDC800D63B07 /* DesignSystem */,
				E8CB6569288E35CB0076E254 /* Application */,
			);
			path = GoodListener;
			sourceTree = "<group>";
		};
		0AF43086288FD82F0078B2D5 /* Applicant */ = {
			isa = PBXGroup;
			children = (
				0AF43087288FD84F0078B2D5 /* View */,
				0AF43088288FD8550078B2D5 /* ViewModel */,
			);
			path = Applicant;
			sourceTree = "<group>";
		};
		0AF43087288FD84F0078B2D5 /* View */ = {
			isa = PBXGroup;
			children = (
				0AF4308B288FD8E90078B2D5 /* ApplicantViewController.swift */,
			);
			path = View;
			sourceTree = "<group>";
		};
		0AF43088288FD8550078B2D5 /* ViewModel */ = {
			isa = PBXGroup;
			children = (
			);
			path = ViewModel;
			sourceTree = "<group>";
		};
		0AF4308F288FDC5B0078B2D5 /* Record */ = {
			isa = PBXGroup;
			children = (
				0AF43090288FDC690078B2D5 /* View */,
				0AF43091288FDC6F0078B2D5 /* ViewModel */,
			);
			path = Record;
			sourceTree = "<group>";
		};
		0AF43090288FDC690078B2D5 /* View */ = {
			isa = PBXGroup;
			children = (
				0AF43092288FDC850078B2D5 /* RecordViewController.swift */,
			);
			path = View;
			sourceTree = "<group>";
		};
		0AF43091288FDC6F0078B2D5 /* ViewModel */ = {
			isa = PBXGroup;
			children = (
			);
			path = ViewModel;
			sourceTree = "<group>";
		};
		9E5395048E9945AE010C76B6 /* Frameworks */ = {
			isa = PBXGroup;
			children = (
				5450741D5E8F8D9D306A0E69 /* Pods_GoodListener.framework */,
			);
			name = Frameworks;
			sourceTree = "<group>";
		};
		E8A7953B289CB2BC00EF9E1B /* Font */ = {
			isa = PBXGroup;
			children = (
				E8A7953C289CC9CA00EF9E1B /* Noto_Sans_KR */,
				E8A79539289CB28000EF9E1B /* FontManager.swift */,
			);
			path = Font;
			sourceTree = "<group>";
		};
		E8A7953C289CC9CA00EF9E1B /* Noto_Sans_KR */ = {
			isa = PBXGroup;
			children = (
				E8A7953D289CC9CA00EF9E1B /* NotoSansKR-Light.otf */,
				E8A7953E289CC9CA00EF9E1B /* NotoSansKR-Bold.otf */,
				E8A7953F289CC9CA00EF9E1B /* NotoSansKR-Thin.otf */,
				E8A79540289CC9CA00EF9E1B /* OFL.txt */,
				E8A79541289CC9CA00EF9E1B /* NotoSansKR-Black.otf */,
				E8A79542289CC9CA00EF9E1B /* NotoSansKR-Medium.otf */,
				E8A79543289CC9CA00EF9E1B /* NotoSansKR-Regular.otf */,
			);
			path = Noto_Sans_KR;
			sourceTree = "<group>";
		};
		E8A7954B289CCA8500EF9E1B /* Color */ = {
			isa = PBXGroup;
			children = (
				E8A7954C289CCC4700EF9E1B /* Colors.swift */,
			);
			path = Color;
			sourceTree = "<group>";
		};
		E8B4434F28A0E8080003815B /* PersonalInformation */ = {
			isa = PBXGroup;
			children = (
				E8B4435328A0E86A0003815B /* View */,
				E8B4435228A0E8660003815B /* ViewModel */,
			);
			path = PersonalInformation;
			sourceTree = "<group>";
		};
		E8B4435228A0E8660003815B /* ViewModel */ = {
			isa = PBXGroup;
			children = (
			);
			path = ViewModel;
			sourceTree = "<group>";
		};
		E8B4435328A0E86A0003815B /* View */ = {
			isa = PBXGroup;
			children = (
				E8B4435028A0E8540003815B /* PersonalInfoVC.swift */,
			);
			path = View;
			sourceTree = "<group>";
		};
		E8B4435428A0EA8E0003815B /* NicknameSet */ = {
			isa = PBXGroup;
			children = (
				E8B4435628A0EACC0003815B /* View */,
				E8B4435528A0EAC70003815B /* ViewModel */,
			);
			path = NicknameSet;
			sourceTree = "<group>";
		};
		E8B4435528A0EAC70003815B /* ViewModel */ = {
			isa = PBXGroup;
			children = (
			);
			path = ViewModel;
			sourceTree = "<group>";
		};
		E8B4435628A0EACC0003815B /* View */ = {
			isa = PBXGroup;
			children = (
				E8B4435728A0EADD0003815B /* NicknameSetupVC.swift */,
			);
			path = View;
			sourceTree = "<group>";
		};
		E8C3320428925EFC00ECE59C /* CallScene */ = {
			isa = PBXGroup;
			children = (
				E8C3320728925F1900ECE59C /* Flow */,
				E8C3320528925F0600ECE59C /* View */,
				E8C3320628925F1300ECE59C /* ViewModel */,
			);
			path = CallScene;
			sourceTree = "<group>";
		};
		E8C3320528925F0600ECE59C /* View */ = {
			isa = PBXGroup;
			children = (
				E8C3320828925F3400ECE59C /* CallViewController.swift */,
			);
			path = View;
			sourceTree = "<group>";
		};
		E8C3320628925F1300ECE59C /* ViewModel */ = {
			isa = PBXGroup;
			children = (
			);
			path = ViewModel;
			sourceTree = "<group>";
		};
		E8C3320728925F1900ECE59C /* Flow */ = {
			isa = PBXGroup;
			children = (
				E8C3320A289265F400ECE59C /* CallManager.swift */,
			);
			path = Flow;
			sourceTree = "<group>";
		};
		E8CB6569288E35CB0076E254 /* Application */ = {
			isa = PBXGroup;
			children = (
				0ABA2820288D5B55000D889B /* AppDelegate.swift */,
				0ABA2822288D5B55000D889B /* SceneDelegate.swift */,
				E8CFBCCE288F73AB00D63B07 /* AppCoordinator.swift */,
			);
			path = Application;
			sourceTree = "<group>";
		};
		E8CB656A288E35D40076E254 /* Support */ = {
			isa = PBXGroup;
			children = (
				E8CFBCE6288FCF4900D63B07 /* Extension */,
				E8CB6565288E35090076E254 /* Log.swift */,
			);
			path = Support;
			sourceTree = "<group>";
		};
		E8CB656B288E36420076E254 /* Interface */ = {
			isa = PBXGroup;
			children = (
				E8CB6567288E359A0076E254 /* ViewModelType.swift */,
				E8CB6573288E6B130076E254 /* SnapKitType.swift */,
				E8CFBCC3288F6DA000D63B07 /* CoordinatorType.swift */,
			);
			path = Interface;
			sourceTree = "<group>";
		};
		E8CB656C288E66780076E254 /* Domain */ = {
			isa = PBXGroup;
			children = (
				E8CB656E288E66C30076E254 /* Entities */,
			);
			path = Domain;
			sourceTree = "<group>";
		};
		E8CB656D288E667F0076E254 /* Presentation */ = {
			isa = PBXGroup;
			children = (
				E8C3320428925EFC00ECE59C /* CallScene */,
				E8CFBCD0288F79B700D63B07 /* MainScene */,
				E8CB656F288E67150076E254 /* LoginScene */,
			);
			path = Presentation;
			sourceTree = "<group>";
		};
		E8CB656E288E66C30076E254 /* Entities */ = {
			isa = PBXGroup;
			children = (
				E8CB656B288E36420076E254 /* Interface */,
				0A703B582896BC5E00A05124 /* WeatherInfo.swift */,
				0A703B562896B4DC00A05124 /* ErrorPayLoad.swift */,
			);
			path = Entities;
			sourceTree = "<group>";
		};
		E8CB656F288E67150076E254 /* LoginScene */ = {
			isa = PBXGroup;
			children = (
				E8CFBCC5288F6DE100D63B07 /* Flow */,
				E8CFBCC8288F704D00D63B07 /* Login */,
				E8CFBCC9288F705600D63B07 /* Auth */,
				E8B4434F28A0E8080003815B /* PersonalInformation */,
				E8B4435428A0EA8E0003815B /* NicknameSet */,
			);
			path = LoginScene;
			sourceTree = "<group>";
		};
		E8CB6570288E67610076E254 /* Resources */ = {
			isa = PBXGroup;
			children = (
				E83BD7FD288E7165006B98B2 /* Info.plist */,
				E8A79551289CD71000EF9E1B /* GoogleService-Info.plist */,
				0ABA2829288D5B56000D889B /* Assets.xcassets */,
				0ABA282B288D5B56000D889B /* LaunchScreen.storyboard */,
			);
			path = Resources;
			sourceTree = "<group>";
		};
		E8CB6571288E67B30076E254 /* View */ = {
			isa = PBXGroup;
			children = (
				0ABA2824288D5B55000D889B /* LoginVC.swift */,
				0ABA2826288D5B55000D889B /* Main.storyboard */,
			);
			path = View;
			sourceTree = "<group>";
		};
		E8CB6572288E67B80076E254 /* ViewModel */ = {
			isa = PBXGroup;
			children = (
				E8C3320C289366DF00ECE59C /* LoginViewModel.swift */,
			);
			path = ViewModel;
			sourceTree = "<group>";
		};
		E8CFBCBE288E74C200D63B07 /* Data */ = {
			isa = PBXGroup;
			children = (
				E8CFBCC1288E74F800D63B07 /* Network */,
			);
			path = Data;
			sourceTree = "<group>";
		};
		E8CFBCC1288E74F800D63B07 /* Network */ = {
			isa = PBXGroup;
			children = (
				E8D09853289A6C4D008AD55F /* SocketManager.swift */,
				0A703B522896AB8300A05124 /* LoginAPI.swift */,
			);
			path = Network;
			sourceTree = "<group>";
		};
		E8CFBCC5288F6DE100D63B07 /* Flow */ = {
			isa = PBXGroup;
			children = (
				E8CFBCC6288F6DE900D63B07 /* LoginCoordinator.swift */,
			);
			path = Flow;
			sourceTree = "<group>";
		};
		E8CFBCC8288F704D00D63B07 /* Login */ = {
			isa = PBXGroup;
			children = (
				E8CB6571288E67B30076E254 /* View */,
				E8CB6572288E67B80076E254 /* ViewModel */,
			);
			path = Login;
			sourceTree = "<group>";
		};
		E8CFBCC9288F705600D63B07 /* Auth */ = {
			isa = PBXGroup;
			children = (
				E8CFBCCA288F70C000D63B07 /* View */,
				E8CFBCCB288F70CB00D63B07 /* ViewModel */,
			);
			path = Auth;
			sourceTree = "<group>";
		};
		E8CFBCCA288F70C000D63B07 /* View */ = {
			isa = PBXGroup;
			children = (
				E8CFBCCC288F710300D63B07 /* AuthVC.swift */,
			);
			path = View;
			sourceTree = "<group>";
		};
		E8CFBCCB288F70CB00D63B07 /* ViewModel */ = {
			isa = PBXGroup;
			children = (
			);
			path = ViewModel;
			sourceTree = "<group>";
		};
		E8CFBCD0288F79B700D63B07 /* MainScene */ = {
			isa = PBXGroup;
			children = (
				E8CFBCD1288F79C300D63B07 /* Flow */,
				E8CFBCD2288F79E000D63B07 /* Home */,
				0AF43086288FD82F0078B2D5 /* Applicant */,
				0AF4308F288FDC5B0078B2D5 /* Record */,
				E8CFBCDD288F873300D63B07 /* MyPage */,
			);
			path = MainScene;
			sourceTree = "<group>";
		};
		E8CFBCD1288F79C300D63B07 /* Flow */ = {
			isa = PBXGroup;
			children = (
				E8CFBCDB288F7D0900D63B07 /* MainCoordinator.swift */,
				E8CFBCD7288F7A9C00D63B07 /* HomeCoordinator.swift */,
				0AF43089288FD8800078B2D5 /* ApplicantCoordinator.swift */,
				0AF4308D288FDC230078B2D5 /* RecordCoordinator.swift */,
				E8CFBCE2288F876400D63B07 /* MyPageCoordinator.swift */,
			);
			path = Flow;
			sourceTree = "<group>";
		};
		E8CFBCD2288F79E000D63B07 /* Home */ = {
			isa = PBXGroup;
			children = (
				E8CFBCD4288F7A0400D63B07 /* View */,
				E8CFBCD3288F79FD00D63B07 /* ViewModel */,
			);
			path = Home;
			sourceTree = "<group>";
		};
		E8CFBCD3288F79FD00D63B07 /* ViewModel */ = {
			isa = PBXGroup;
			children = (
			);
			path = ViewModel;
			sourceTree = "<group>";
		};
		E8CFBCD4288F7A0400D63B07 /* View */ = {
			isa = PBXGroup;
			children = (
				E8CFBCD9288F7B4800D63B07 /* HomeViewController.swift */,
			);
			path = View;
			sourceTree = "<group>";
		};
		E8CFBCDD288F873300D63B07 /* MyPage */ = {
			isa = PBXGroup;
			children = (
				E8CFBCDF288F874000D63B07 /* View */,
				E8CFBCDE288F873C00D63B07 /* ViewModel */,
			);
			path = MyPage;
			sourceTree = "<group>";
		};
		E8CFBCDE288F873C00D63B07 /* ViewModel */ = {
			isa = PBXGroup;
			children = (
			);
			path = ViewModel;
			sourceTree = "<group>";
		};
		E8CFBCDF288F874000D63B07 /* View */ = {
			isa = PBXGroup;
			children = (
				E8CFBCE0288F874C00D63B07 /* MyPageViewController.swift */,
			);
			path = View;
			sourceTree = "<group>";
		};
		E8CFBCE6288FCF4900D63B07 /* Extension */ = {
			isa = PBXGroup;
			children = (
				E8CFBCE9288FDB9C00D63B07 /* UIView+.swift */,
				E8CE19E1289CE08C007A56FE /* UIButton+.swift */,
			);
			path = Extension;
			sourceTree = "<group>";
		};
		E8CFBCEB288FDDC800D63B07 /* DesignSystem */ = {
			isa = PBXGroup;
			children = (
				E8A7954B289CCA8500EF9E1B /* Color */,
				E8A7953B289CB2BC00EF9E1B /* Font */,
				E8A79553289CDA7700EF9E1B /* GLButton.swift */,
				E8CE19E3289CE15E007A56FE /* Const.swift */,
			);
			path = DesignSystem;
			sourceTree = "<group>";
		};
		EFE54EE7D3D04F3932FBA642 /* Pods */ = {
			isa = PBXGroup;
			children = (
				47C5C925F8CF8A111AFD7E1E /* Pods-GoodListener.debug.xcconfig */,
				0F1AC0E77A46575A9E243914 /* Pods-GoodListener.release.xcconfig */,
			);
			path = Pods;
			sourceTree = "<group>";
		};
/* End PBXGroup section */

/* Begin PBXNativeTarget section */
		0ABA281C288D5B55000D889B /* GoodListener */ = {
			isa = PBXNativeTarget;
			buildConfigurationList = 0ABA2831288D5B56000D889B /* Build configuration list for PBXNativeTarget "GoodListener" */;
			buildPhases = (
				F739DBDAE006AF88662159BB /* [CP] Check Pods Manifest.lock */,
				0ABA2819288D5B55000D889B /* Sources */,
				0ABA281A288D5B55000D889B /* Frameworks */,
				0ABA281B288D5B55000D889B /* Resources */,
				CE8869A3D7F8FEB048317965 /* [CP] Embed Pods Frameworks */,
			);
			buildRules = (
			);
			dependencies = (
			);
			name = GoodListener;
			productName = GoodListener;
			productReference = 0ABA281D288D5B55000D889B /* GoodListener.app */;
			productType = "com.apple.product-type.application";
		};
/* End PBXNativeTarget section */

/* Begin PBXProject section */
		0ABA2815288D5B55000D889B /* Project object */ = {
			isa = PBXProject;
			attributes = {
				BuildIndependentTargetsInParallel = 1;
				LastSwiftUpdateCheck = 1340;
				LastUpgradeCheck = 1340;
				TargetAttributes = {
					0ABA281C288D5B55000D889B = {
						CreatedOnToolsVersion = 13.4;
					};
				};
			};
			buildConfigurationList = 0ABA2818288D5B55000D889B /* Build configuration list for PBXProject "GoodListener" */;
			compatibilityVersion = "Xcode 13.0";
			developmentRegion = en;
			hasScannedForEncodings = 0;
			knownRegions = (
				en,
				Base,
			);
			mainGroup = 0ABA2814288D5B55000D889B;
			productRefGroup = 0ABA281E288D5B55000D889B /* Products */;
			projectDirPath = "";
			projectRoot = "";
			targets = (
				0ABA281C288D5B55000D889B /* GoodListener */,
			);
		};
/* End PBXProject section */

/* Begin PBXResourcesBuildPhase section */
		0ABA281B288D5B55000D889B /* Resources */ = {
			isa = PBXResourcesBuildPhase;
			buildActionMask = 2147483647;
			files = (
				E8A7954A289CC9CA00EF9E1B /* NotoSansKR-Regular.otf in Resources */,
				E8A79548289CC9CA00EF9E1B /* NotoSansKR-Black.otf in Resources */,
				0ABA282D288D5B56000D889B /* LaunchScreen.storyboard in Resources */,
				E8A79549289CC9CA00EF9E1B /* NotoSansKR-Medium.otf in Resources */,
				E8A79546289CC9CA00EF9E1B /* NotoSansKR-Thin.otf in Resources */,
				E8A79552289CD71000EF9E1B /* GoogleService-Info.plist in Resources */,
				E8A79544289CC9CA00EF9E1B /* NotoSansKR-Light.otf in Resources */,
				0ABA282A288D5B56000D889B /* Assets.xcassets in Resources */,
				E8A79545289CC9CA00EF9E1B /* NotoSansKR-Bold.otf in Resources */,
				E8A79547289CC9CA00EF9E1B /* OFL.txt in Resources */,
				0ABA2828288D5B55000D889B /* Main.storyboard in Resources */,
			);
			runOnlyForDeploymentPostprocessing = 0;
		};
/* End PBXResourcesBuildPhase section */

/* Begin PBXShellScriptBuildPhase section */
		CE8869A3D7F8FEB048317965 /* [CP] Embed Pods Frameworks */ = {
			isa = PBXShellScriptBuildPhase;
			buildActionMask = 2147483647;
			files = (
			);
			inputFileListPaths = (
				"${PODS_ROOT}/Target Support Files/Pods-GoodListener/Pods-GoodListener-frameworks-${CONFIGURATION}-input-files.xcfilelist",
			);
			name = "[CP] Embed Pods Frameworks";
			outputFileListPaths = (
				"${PODS_ROOT}/Target Support Files/Pods-GoodListener/Pods-GoodListener-frameworks-${CONFIGURATION}-output-files.xcfilelist",
			);
			runOnlyForDeploymentPostprocessing = 0;
			shellPath = /bin/sh;
			shellScript = "\"${PODS_ROOT}/Target Support Files/Pods-GoodListener/Pods-GoodListener-frameworks.sh\"\n";
			showEnvVarsInLog = 0;
		};
		F739DBDAE006AF88662159BB /* [CP] Check Pods Manifest.lock */ = {
			isa = PBXShellScriptBuildPhase;
			buildActionMask = 2147483647;
			files = (
			);
			inputFileListPaths = (
			);
			inputPaths = (
				"${PODS_PODFILE_DIR_PATH}/Podfile.lock",
				"${PODS_ROOT}/Manifest.lock",
			);
			name = "[CP] Check Pods Manifest.lock";
			outputFileListPaths = (
			);
			outputPaths = (
				"$(DERIVED_FILE_DIR)/Pods-GoodListener-checkManifestLockResult.txt",
			);
			runOnlyForDeploymentPostprocessing = 0;
			shellPath = /bin/sh;
			shellScript = "diff \"${PODS_PODFILE_DIR_PATH}/Podfile.lock\" \"${PODS_ROOT}/Manifest.lock\" > /dev/null\nif [ $? != 0 ] ; then\n    # print error to STDERR\n    echo \"error: The sandbox is not in sync with the Podfile.lock. Run 'pod install' or update your CocoaPods installation.\" >&2\n    exit 1\nfi\n# This output is used by Xcode 'outputs' to avoid re-running this script phase.\necho \"SUCCESS\" > \"${SCRIPT_OUTPUT_FILE_0}\"\n";
			showEnvVarsInLog = 0;
		};
/* End PBXShellScriptBuildPhase section */

/* Begin PBXSourcesBuildPhase section */
		0ABA2819288D5B55000D889B /* Sources */ = {
			isa = PBXSourcesBuildPhase;
			buildActionMask = 2147483647;
			files = (
				E8C3320D289366DF00ECE59C /* LoginViewModel.swift in Sources */,
				E8CFBCC4288F6DA000D63B07 /* CoordinatorType.swift in Sources */,
				0ABA2825288D5B55000D889B /* LoginVC.swift in Sources */,
				0A703B572896B4DC00A05124 /* ErrorPayLoad.swift in Sources */,
				E8B4435128A0E8540003815B /* PersonalInfoVC.swift in Sources */,
				E8CFBCEA288FDB9C00D63B07 /* UIView+.swift in Sources */,
				0A703B532896AB8300A05124 /* LoginAPI.swift in Sources */,
				E8CFBCCF288F73AB00D63B07 /* AppCoordinator.swift in Sources */,
				0ABA2821288D5B55000D889B /* AppDelegate.swift in Sources */,
				E8A79554289CDA7700EF9E1B /* GLButton.swift in Sources */,
				0A703B592896BC5E00A05124 /* WeatherInfo.swift in Sources */,
				E8CFBCDC288F7D0900D63B07 /* MainCoordinator.swift in Sources */,
				E8C3320928925F3400ECE59C /* CallViewController.swift in Sources */,
				0AF4308A288FD8800078B2D5 /* ApplicantCoordinator.swift in Sources */,
				E8CE19E4289CE15E007A56FE /* Const.swift in Sources */,
				0AF43093288FDC850078B2D5 /* RecordViewController.swift in Sources */,
				E8D09854289A6C4D008AD55F /* SocketManager.swift in Sources */,
				E8CB6566288E35090076E254 /* Log.swift in Sources */,
				0AF4308E288FDC230078B2D5 /* RecordCoordinator.swift in Sources */,
				E8CFBCD8288F7A9C00D63B07 /* HomeCoordinator.swift in Sources */,
				0AF4308C288FD8E90078B2D5 /* ApplicantViewController.swift in Sources */,
				E8C3320B289265F400ECE59C /* CallManager.swift in Sources */,
				E8CB6568288E359A0076E254 /* ViewModelType.swift in Sources */,
				E8CE19E2289CE08C007A56FE /* UIButton+.swift in Sources */,
				E8A7954D289CCC4700EF9E1B /* Colors.swift in Sources */,
				E8CB6574288E6B130076E254 /* SnapKitType.swift in Sources */,
				E8CFBCE3288F876400D63B07 /* MyPageCoordinator.swift in Sources */,
				E8CFBCC7288F6DE900D63B07 /* LoginCoordinator.swift in Sources */,
				E8CFBCE1288F874C00D63B07 /* MyPageViewController.swift in Sources */,
				E8CFBCCD288F710300D63B07 /* AuthVC.swift in Sources */,
				E8CFBCDA288F7B4800D63B07 /* HomeViewController.swift in Sources */,
				E8A7953A289CB28000EF9E1B /* FontManager.swift in Sources */,
				E8B4435828A0EADD0003815B /* NicknameSetupVC.swift in Sources */,
				0ABA2823288D5B55000D889B /* SceneDelegate.swift in Sources */,
			);
			runOnlyForDeploymentPostprocessing = 0;
		};
/* End PBXSourcesBuildPhase section */

/* Begin PBXVariantGroup section */
		0ABA2826288D5B55000D889B /* Main.storyboard */ = {
			isa = PBXVariantGroup;
			children = (
				0ABA2827288D5B55000D889B /* Base */,
			);
			name = Main.storyboard;
			sourceTree = "<group>";
		};
		0ABA282B288D5B56000D889B /* LaunchScreen.storyboard */ = {
			isa = PBXVariantGroup;
			children = (
				0ABA282C288D5B56000D889B /* Base */,
			);
			name = LaunchScreen.storyboard;
			sourceTree = "<group>";
		};
/* End PBXVariantGroup section */

/* Begin XCBuildConfiguration section */
		0ABA282F288D5B56000D889B /* Debug */ = {
			isa = XCBuildConfiguration;
			buildSettings = {
				ALWAYS_SEARCH_USER_PATHS = NO;
				CLANG_ANALYZER_NONNULL = YES;
				CLANG_ANALYZER_NUMBER_OBJECT_CONVERSION = YES_AGGRESSIVE;
				CLANG_CXX_LANGUAGE_STANDARD = "gnu++17";
				CLANG_ENABLE_MODULES = YES;
				CLANG_ENABLE_OBJC_ARC = YES;
				CLANG_ENABLE_OBJC_WEAK = YES;
				CLANG_WARN_BLOCK_CAPTURE_AUTORELEASING = YES;
				CLANG_WARN_BOOL_CONVERSION = YES;
				CLANG_WARN_COMMA = YES;
				CLANG_WARN_CONSTANT_CONVERSION = YES;
				CLANG_WARN_DEPRECATED_OBJC_IMPLEMENTATIONS = YES;
				CLANG_WARN_DIRECT_OBJC_ISA_USAGE = YES_ERROR;
				CLANG_WARN_DOCUMENTATION_COMMENTS = YES;
				CLANG_WARN_EMPTY_BODY = YES;
				CLANG_WARN_ENUM_CONVERSION = YES;
				CLANG_WARN_INFINITE_RECURSION = YES;
				CLANG_WARN_INT_CONVERSION = YES;
				CLANG_WARN_NON_LITERAL_NULL_CONVERSION = YES;
				CLANG_WARN_OBJC_IMPLICIT_RETAIN_SELF = YES;
				CLANG_WARN_OBJC_LITERAL_CONVERSION = YES;
				CLANG_WARN_OBJC_ROOT_CLASS = YES_ERROR;
				CLANG_WARN_QUOTED_INCLUDE_IN_FRAMEWORK_HEADER = YES;
				CLANG_WARN_RANGE_LOOP_ANALYSIS = YES;
				CLANG_WARN_STRICT_PROTOTYPES = YES;
				CLANG_WARN_SUSPICIOUS_MOVE = YES;
				CLANG_WARN_UNGUARDED_AVAILABILITY = YES_AGGRESSIVE;
				CLANG_WARN_UNREACHABLE_CODE = YES;
				CLANG_WARN__DUPLICATE_METHOD_MATCH = YES;
				COPY_PHASE_STRIP = NO;
				DEBUG_INFORMATION_FORMAT = dwarf;
				ENABLE_STRICT_OBJC_MSGSEND = YES;
				ENABLE_TESTABILITY = YES;
				GCC_C_LANGUAGE_STANDARD = gnu11;
				GCC_DYNAMIC_NO_PIC = NO;
				GCC_NO_COMMON_BLOCKS = YES;
				GCC_OPTIMIZATION_LEVEL = 0;
				GCC_PREPROCESSOR_DEFINITIONS = (
					"DEBUG=1",
					"$(inherited)",
				);
				GCC_WARN_64_TO_32_BIT_CONVERSION = YES;
				GCC_WARN_ABOUT_RETURN_TYPE = YES_ERROR;
				GCC_WARN_UNDECLARED_SELECTOR = YES;
				GCC_WARN_UNINITIALIZED_AUTOS = YES_AGGRESSIVE;
				GCC_WARN_UNUSED_FUNCTION = YES;
				GCC_WARN_UNUSED_VARIABLE = YES;
				IPHONEOS_DEPLOYMENT_TARGET = 15.5;
				MTL_ENABLE_DEBUG_INFO = INCLUDE_SOURCE;
				MTL_FAST_MATH = YES;
				ONLY_ACTIVE_ARCH = YES;
				SDKROOT = iphoneos;
				SWIFT_ACTIVE_COMPILATION_CONDITIONS = DEBUG;
				SWIFT_OPTIMIZATION_LEVEL = "-Onone";
			};
			name = Debug;
		};
		0ABA2830288D5B56000D889B /* Release */ = {
			isa = XCBuildConfiguration;
			buildSettings = {
				ALWAYS_SEARCH_USER_PATHS = NO;
				CLANG_ANALYZER_NONNULL = YES;
				CLANG_ANALYZER_NUMBER_OBJECT_CONVERSION = YES_AGGRESSIVE;
				CLANG_CXX_LANGUAGE_STANDARD = "gnu++17";
				CLANG_ENABLE_MODULES = YES;
				CLANG_ENABLE_OBJC_ARC = YES;
				CLANG_ENABLE_OBJC_WEAK = YES;
				CLANG_WARN_BLOCK_CAPTURE_AUTORELEASING = YES;
				CLANG_WARN_BOOL_CONVERSION = YES;
				CLANG_WARN_COMMA = YES;
				CLANG_WARN_CONSTANT_CONVERSION = YES;
				CLANG_WARN_DEPRECATED_OBJC_IMPLEMENTATIONS = YES;
				CLANG_WARN_DIRECT_OBJC_ISA_USAGE = YES_ERROR;
				CLANG_WARN_DOCUMENTATION_COMMENTS = YES;
				CLANG_WARN_EMPTY_BODY = YES;
				CLANG_WARN_ENUM_CONVERSION = YES;
				CLANG_WARN_INFINITE_RECURSION = YES;
				CLANG_WARN_INT_CONVERSION = YES;
				CLANG_WARN_NON_LITERAL_NULL_CONVERSION = YES;
				CLANG_WARN_OBJC_IMPLICIT_RETAIN_SELF = YES;
				CLANG_WARN_OBJC_LITERAL_CONVERSION = YES;
				CLANG_WARN_OBJC_ROOT_CLASS = YES_ERROR;
				CLANG_WARN_QUOTED_INCLUDE_IN_FRAMEWORK_HEADER = YES;
				CLANG_WARN_RANGE_LOOP_ANALYSIS = YES;
				CLANG_WARN_STRICT_PROTOTYPES = YES;
				CLANG_WARN_SUSPICIOUS_MOVE = YES;
				CLANG_WARN_UNGUARDED_AVAILABILITY = YES_AGGRESSIVE;
				CLANG_WARN_UNREACHABLE_CODE = YES;
				CLANG_WARN__DUPLICATE_METHOD_MATCH = YES;
				COPY_PHASE_STRIP = NO;
				DEBUG_INFORMATION_FORMAT = "dwarf-with-dsym";
				ENABLE_NS_ASSERTIONS = NO;
				ENABLE_STRICT_OBJC_MSGSEND = YES;
				GCC_C_LANGUAGE_STANDARD = gnu11;
				GCC_NO_COMMON_BLOCKS = YES;
				GCC_WARN_64_TO_32_BIT_CONVERSION = YES;
				GCC_WARN_ABOUT_RETURN_TYPE = YES_ERROR;
				GCC_WARN_UNDECLARED_SELECTOR = YES;
				GCC_WARN_UNINITIALIZED_AUTOS = YES_AGGRESSIVE;
				GCC_WARN_UNUSED_FUNCTION = YES;
				GCC_WARN_UNUSED_VARIABLE = YES;
				IPHONEOS_DEPLOYMENT_TARGET = 15.5;
				MTL_ENABLE_DEBUG_INFO = NO;
				MTL_FAST_MATH = YES;
				SDKROOT = iphoneos;
				SWIFT_COMPILATION_MODE = wholemodule;
				SWIFT_OPTIMIZATION_LEVEL = "-O";
				VALIDATE_PRODUCT = YES;
			};
			name = Release;
		};
		0ABA2832288D5B56000D889B /* Debug */ = {
			isa = XCBuildConfiguration;
			baseConfigurationReference = 47C5C925F8CF8A111AFD7E1E /* Pods-GoodListener.debug.xcconfig */;
			buildSettings = {
				ASSETCATALOG_COMPILER_APPICON_NAME = AppIcon;
				ASSETCATALOG_COMPILER_GLOBAL_ACCENT_COLOR_NAME = AccentColor;
				CODE_SIGN_ENTITLEMENTS = GoodListener/GoodListener.entitlements;
				CODE_SIGN_IDENTITY = "Apple Development";
				CODE_SIGN_STYLE = Automatic;
				CURRENT_PROJECT_VERSION = 1;
				DEVELOPMENT_TEAM = XQ24HP64B3;
				GENERATE_INFOPLIST_FILE = YES;
				INFOPLIST_FILE = GoodListener/Resources/Info.plist;
				INFOPLIST_KEY_NSMicrophoneUsageDescription = "Microphone required";
				INFOPLIST_KEY_UIApplicationSupportsIndirectInputEvents = YES;
				INFOPLIST_KEY_UILaunchStoryboardName = LaunchScreen;
				INFOPLIST_KEY_UIMainStoryboardFile = Main;
				INFOPLIST_KEY_UISupportedInterfaceOrientations_iPad = "UIInterfaceOrientationPortrait UIInterfaceOrientationPortraitUpsideDown UIInterfaceOrientationLandscapeLeft UIInterfaceOrientationLandscapeRight";
				INFOPLIST_KEY_UISupportedInterfaceOrientations_iPhone = "UIInterfaceOrientationPortrait UIInterfaceOrientationLandscapeLeft UIInterfaceOrientationLandscapeRight";
				IPHONEOS_DEPLOYMENT_TARGET = 13.0;
				LD_RUNPATH_SEARCH_PATHS = (
					"$(inherited)",
					"@executable_path/Frameworks",
				);
				MARKETING_VERSION = 1.0;
				PRODUCT_BUNDLE_IDENTIFIER = "com.heelpass.good-listener";
				PRODUCT_NAME = "$(TARGET_NAME)";
				PROVISIONING_PROFILE_SPECIFIER = "";
				SWIFT_EMIT_LOC_STRINGS = YES;
				SWIFT_VERSION = 5.0;
				TARGETED_DEVICE_FAMILY = 1;
			};
			name = Debug;
		};
		0ABA2833288D5B56000D889B /* Release */ = {
			isa = XCBuildConfiguration;
			baseConfigurationReference = 0F1AC0E77A46575A9E243914 /* Pods-GoodListener.release.xcconfig */;
			buildSettings = {
				ASSETCATALOG_COMPILER_APPICON_NAME = AppIcon;
				ASSETCATALOG_COMPILER_GLOBAL_ACCENT_COLOR_NAME = AccentColor;
				CODE_SIGN_ENTITLEMENTS = GoodListener/GoodListener.entitlements;
				CODE_SIGN_IDENTITY = "Apple Development";
				CODE_SIGN_STYLE = Automatic;
				CURRENT_PROJECT_VERSION = 1;
				DEVELOPMENT_TEAM = XQ24HP64B3;
				GENERATE_INFOPLIST_FILE = YES;
				INFOPLIST_FILE = GoodListener/Resources/Info.plist;
				INFOPLIST_KEY_NSMicrophoneUsageDescription = "Microphone required";
				INFOPLIST_KEY_UIApplicationSupportsIndirectInputEvents = YES;
				INFOPLIST_KEY_UILaunchStoryboardName = LaunchScreen;
				INFOPLIST_KEY_UIMainStoryboardFile = Main;
				INFOPLIST_KEY_UISupportedInterfaceOrientations_iPad = "UIInterfaceOrientationPortrait UIInterfaceOrientationPortraitUpsideDown UIInterfaceOrientationLandscapeLeft UIInterfaceOrientationLandscapeRight";
				INFOPLIST_KEY_UISupportedInterfaceOrientations_iPhone = "UIInterfaceOrientationPortrait UIInterfaceOrientationLandscapeLeft UIInterfaceOrientationLandscapeRight";
				IPHONEOS_DEPLOYMENT_TARGET = 13.0;
				LD_RUNPATH_SEARCH_PATHS = (
					"$(inherited)",
					"@executable_path/Frameworks",
				);
				MARKETING_VERSION = 1.0;
				PRODUCT_BUNDLE_IDENTIFIER = "com.heelpass.good-listener";
				PRODUCT_NAME = "$(TARGET_NAME)";
				PROVISIONING_PROFILE_SPECIFIER = "";
				SWIFT_EMIT_LOC_STRINGS = YES;
				SWIFT_VERSION = 5.0;
				TARGETED_DEVICE_FAMILY = 1;
			};
			name = Release;
		};
/* End XCBuildConfiguration section */

/* Begin XCConfigurationList section */
		0ABA2818288D5B55000D889B /* Build configuration list for PBXProject "GoodListener" */ = {
			isa = XCConfigurationList;
			buildConfigurations = (
				0ABA282F288D5B56000D889B /* Debug */,
				0ABA2830288D5B56000D889B /* Release */,
			);
			defaultConfigurationIsVisible = 0;
			defaultConfigurationName = Release;
		};
		0ABA2831288D5B56000D889B /* Build configuration list for PBXNativeTarget "GoodListener" */ = {
			isa = XCConfigurationList;
			buildConfigurations = (
				0ABA2832288D5B56000D889B /* Debug */,
				0ABA2833288D5B56000D889B /* Release */,
			);
			defaultConfigurationIsVisible = 0;
			defaultConfigurationName = Release;
		};
/* End XCConfigurationList section */
	};
	rootObject = 0ABA2815288D5B55000D889B /* Project object */;
}
