// !$*UTF8*$!
{
	archiveVersion = 1;
	classes = {
	};
	objectVersion = 55;
	objects = {

/* Begin PBXBuildFile section */
		0A350B7D28BC5DD800EC83DA /* RecordBgCell.swift in Sources */ = {isa = PBXBuildFile; fileRef = 0A350B7C28BC5DD800EC83DA /* RecordBgCell.swift */; };
		0A350B8728BCA56C00EC83DA /* RecordContenttCell.swift in Sources */ = {isa = PBXBuildFile; fileRef = 0A350B8628BCA56C00EC83DA /* RecordContenttCell.swift */; };
		0A350B8928BCA63500EC83DA /* RecordCollectionView.swift in Sources */ = {isa = PBXBuildFile; fileRef = 0A350B8828BCA63500EC83DA /* RecordCollectionView.swift */; };
		0A558A3728B61DCE001949D6 /* JoinCoordinator.swift in Sources */ = {isa = PBXBuildFile; fileRef = 0A558A3628B61DCE001949D6 /* JoinCoordinator.swift */; };
		0A558A3A28B61E02001949D6 /* JoinMatchVC.swift in Sources */ = {isa = PBXBuildFile; fileRef = 0A558A3928B61E02001949D6 /* JoinMatchVC.swift */; };
		0A558A3C28B61E28001949D6 /* JoinVC.swift in Sources */ = {isa = PBXBuildFile; fileRef = 0A558A3B28B61E28001949D6 /* JoinVC.swift */; };
		0A558A3E28B61E44001949D6 /* TimeCell.swift in Sources */ = {isa = PBXBuildFile; fileRef = 0A558A3D28B61E44001949D6 /* TimeCell.swift */; };
		0A558A4028B61E62001949D6 /* TimeView.swift in Sources */ = {isa = PBXBuildFile; fileRef = 0A558A3F28B61E62001949D6 /* TimeView.swift */; };
		0A558A4228B61ED6001949D6 /* EmojiTagCell.swift in Sources */ = {isa = PBXBuildFile; fileRef = 0A558A4128B61ED6001949D6 /* EmojiTagCell.swift */; };
		0A558A4428B61F25001949D6 /* EmojiTagFlowLayout.swift in Sources */ = {isa = PBXBuildFile; fileRef = 0A558A4328B61F25001949D6 /* EmojiTagFlowLayout.swift */; };
		0A558A4628B61F2A001949D6 /* EmojiTagView.swift in Sources */ = {isa = PBXBuildFile; fileRef = 0A558A4528B61F2A001949D6 /* EmojiTagView.swift */; };
		0A558A4828B61F36001949D6 /* GLTwoButton.swift in Sources */ = {isa = PBXBuildFile; fileRef = 0A558A4728B61F36001949D6 /* GLTwoButton.swift */; };
		0A703B532896AB8300A05124 /* UserAPI.swift in Sources */ = {isa = PBXBuildFile; fileRef = 0A703B522896AB8300A05124 /* UserAPI.swift */; };
		0A703B572896B4DC00A05124 /* ErrorPayLoad.swift in Sources */ = {isa = PBXBuildFile; fileRef = 0A703B562896B4DC00A05124 /* ErrorPayLoad.swift */; };
		0A703B592896BC5E00A05124 /* WeatherInfo.swift in Sources */ = {isa = PBXBuildFile; fileRef = 0A703B582896BC5E00A05124 /* WeatherInfo.swift */; };
		0ABA2821288D5B55000D889B /* AppDelegate.swift in Sources */ = {isa = PBXBuildFile; fileRef = 0ABA2820288D5B55000D889B /* AppDelegate.swift */; };
		0ABA2823288D5B55000D889B /* SceneDelegate.swift in Sources */ = {isa = PBXBuildFile; fileRef = 0ABA2822288D5B55000D889B /* SceneDelegate.swift */; };
		0ABA2825288D5B55000D889B /* LoginVC.swift in Sources */ = {isa = PBXBuildFile; fileRef = 0ABA2824288D5B55000D889B /* LoginVC.swift */; };
		0ABA2828288D5B55000D889B /* Main.storyboard in Resources */ = {isa = PBXBuildFile; fileRef = 0ABA2826288D5B55000D889B /* Main.storyboard */; };
		0ABA282A288D5B56000D889B /* Assets.xcassets in Resources */ = {isa = PBXBuildFile; fileRef = 0ABA2829288D5B56000D889B /* Assets.xcassets */; };
		0ABA282D288D5B56000D889B /* LaunchScreen.storyboard in Resources */ = {isa = PBXBuildFile; fileRef = 0ABA282B288D5B56000D889B /* LaunchScreen.storyboard */; };
		0AF4308A288FD8800078B2D5 /* ApplicantCoordinator.swift in Sources */ = {isa = PBXBuildFile; fileRef = 0AF43089288FD8800078B2D5 /* ApplicantCoordinator.swift */; };
		0AF4308C288FD8E90078B2D5 /* ApplicantVC.swift in Sources */ = {isa = PBXBuildFile; fileRef = 0AF4308B288FD8E90078B2D5 /* ApplicantVC.swift */; };
		0AF4308E288FDC230078B2D5 /* RecordCoordinator.swift in Sources */ = {isa = PBXBuildFile; fileRef = 0AF4308D288FDC230078B2D5 /* RecordCoordinator.swift */; };
		0AF43093288FDC850078B2D5 /* RecordVC.swift in Sources */ = {isa = PBXBuildFile; fileRef = 0AF43092288FDC850078B2D5 /* RecordVC.swift */; };
		73B35A699773E2A2848FCE3D /* Pods_GoodListener.framework in Frameworks */ = {isa = PBXBuildFile; fileRef = 5450741D5E8F8D9D306A0E69 /* Pods_GoodListener.framework */; };
		E81E41DC28BDCBEC0094CFD9 /* MyPageModifyViewModel.swift in Sources */ = {isa = PBXBuildFile; fileRef = E81E41DB28BDCBEC0094CFD9 /* MyPageModifyViewModel.swift */; };
		E81E41E128BDF5840094CFD9 /* DeleteAccountVC.swift in Sources */ = {isa = PBXBuildFile; fileRef = E81E41E028BDF5840094CFD9 /* DeleteAccountVC.swift */; };
		E81E41E328BDF8540094CFD9 /* CheckBox.swift in Sources */ = {isa = PBXBuildFile; fileRef = E81E41E228BDF8540094CFD9 /* CheckBox.swift */; };
		E81E41E528BE0B1B0094CFD9 /* DeleteAccountViewModel.swift in Sources */ = {isa = PBXBuildFile; fileRef = E81E41E428BE0B1B0094CFD9 /* DeleteAccountViewModel.swift */; };
		E81E41E728BEF5190094CFD9 /* PopupMessage.swift in Sources */ = {isa = PBXBuildFile; fileRef = E81E41E628BEF5190094CFD9 /* PopupMessage.swift */; };
		E81E41F528BF2FE80094CFD9 /* CustomTabBarController.swift in Sources */ = {isa = PBXBuildFile; fileRef = E81E41F428BF2FE80094CFD9 /* CustomTabBarController.swift */; };
		E845494B28BC4CB600DAD6EE /* GLTextField.swift in Sources */ = {isa = PBXBuildFile; fileRef = E845494A28BC4CB600DAD6EE /* GLTextField.swift */; };
		E845494E28BC553500DAD6EE /* TermsOfServicePopup.swift in Sources */ = {isa = PBXBuildFile; fileRef = E845494C28BC553400DAD6EE /* TermsOfServicePopup.swift */; };
		E845494F28BC553500DAD6EE /* TermsOfService.swift in Sources */ = {isa = PBXBuildFile; fileRef = E845494D28BC553500DAD6EE /* TermsOfService.swift */; };
		E845495428BC7F0100DAD6EE /* SignInModel.swift in Sources */ = {isa = PBXBuildFile; fileRef = E845495328BC7F0100DAD6EE /* SignInModel.swift */; };
		E8A7953A289CB28000EF9E1B /* FontManager.swift in Sources */ = {isa = PBXBuildFile; fileRef = E8A79539289CB28000EF9E1B /* FontManager.swift */; };
		E8A79544289CC9CA00EF9E1B /* NotoSansKR-Light.otf in Resources */ = {isa = PBXBuildFile; fileRef = E8A7953D289CC9CA00EF9E1B /* NotoSansKR-Light.otf */; };
		E8A79545289CC9CA00EF9E1B /* NotoSansKR-Bold.otf in Resources */ = {isa = PBXBuildFile; fileRef = E8A7953E289CC9CA00EF9E1B /* NotoSansKR-Bold.otf */; };
		E8A79546289CC9CA00EF9E1B /* NotoSansKR-Thin.otf in Resources */ = {isa = PBXBuildFile; fileRef = E8A7953F289CC9CA00EF9E1B /* NotoSansKR-Thin.otf */; };
		E8A79547289CC9CA00EF9E1B /* OFL.txt in Resources */ = {isa = PBXBuildFile; fileRef = E8A79540289CC9CA00EF9E1B /* OFL.txt */; };
		E8A79548289CC9CA00EF9E1B /* NotoSansKR-Black.otf in Resources */ = {isa = PBXBuildFile; fileRef = E8A79541289CC9CA00EF9E1B /* NotoSansKR-Black.otf */; };
		E8A79549289CC9CA00EF9E1B /* NotoSansKR-Medium.otf in Resources */ = {isa = PBXBuildFile; fileRef = E8A79542289CC9CA00EF9E1B /* NotoSansKR-Medium.otf */; };
		E8A7954A289CC9CA00EF9E1B /* NotoSansKR-Regular.otf in Resources */ = {isa = PBXBuildFile; fileRef = E8A79543289CC9CA00EF9E1B /* NotoSansKR-Regular.otf */; };
		E8A7954D289CCC4700EF9E1B /* Colors.swift in Sources */ = {isa = PBXBuildFile; fileRef = E8A7954C289CCC4700EF9E1B /* Colors.swift */; };
		E8A79552289CD71000EF9E1B /* GoogleService-Info.plist in Resources */ = {isa = PBXBuildFile; fileRef = E8A79551289CD71000EF9E1B /* GoogleService-Info.plist */; };
		E8A79554289CDA7700EF9E1B /* GLButton.swift in Sources */ = {isa = PBXBuildFile; fileRef = E8A79553289CDA7700EF9E1B /* GLButton.swift */; };
		E8B4435128A0E8540003815B /* PersonalInfoVC.swift in Sources */ = {isa = PBXBuildFile; fileRef = E8B4435028A0E8540003815B /* PersonalInfoVC.swift */; };
		E8B4435828A0EADD0003815B /* ProfileSetupVC.swift in Sources */ = {isa = PBXBuildFile; fileRef = E8B4435728A0EADD0003815B /* ProfileSetupVC.swift */; };
		E8B4435A28A103570003815B /* UILabel+.swift in Sources */ = {isa = PBXBuildFile; fileRef = E8B4435928A103570003815B /* UILabel+.swift */; };
		E8B443EF28A2273E0003815B /* CallCoordinator.swift in Sources */ = {isa = PBXBuildFile; fileRef = E8B443EE28A2273E0003815B /* CallCoordinator.swift */; };
		E8B443F528A22ABD0003815B /* CallReviewVC.swift in Sources */ = {isa = PBXBuildFile; fileRef = E8B443F428A22ABD0003815B /* CallReviewVC.swift */; };
		E8B443FB28A23E5B0003815B /* MyPageSetVC.swift in Sources */ = {isa = PBXBuildFile; fileRef = E8B443FA28A23E5B0003815B /* MyPageSetVC.swift */; };
		E8B443FD28A243CC0003815B /* NavigationView.swift in Sources */ = {isa = PBXBuildFile; fileRef = E8B443FC28A243CC0003815B /* NavigationView.swift */; };
		E8B443FF28A255D30003815B /* CALayer+.swift in Sources */ = {isa = PBXBuildFile; fileRef = E8B443FE28A255D30003815B /* CALayer+.swift */; };
		E8B4449228ACB6610003815B /* NetworkConstant.swift in Sources */ = {isa = PBXBuildFile; fileRef = E8B4449128ACB6610003815B /* NetworkConstant.swift */; };
		E8B4449628ACC7AD0003815B /* UserDefaultsManager.swift in Sources */ = {isa = PBXBuildFile; fileRef = E8B4449528ACC7AD0003815B /* UserDefaultsManager.swift */; };
		E8B4449828ACDF890003815B /* PersonalInfoViewModel.swift in Sources */ = {isa = PBXBuildFile; fileRef = E8B4449728ACDF890003815B /* PersonalInfoViewModel.swift */; };
		E8B4449A28ADC8620003815B /* UserInfo.swift in Sources */ = {isa = PBXBuildFile; fileRef = E8B4449928ADC8620003815B /* UserInfo.swift */; };
		E8B4449C28ADF20B0003815B /* ProfileImageSelectView.swift in Sources */ = {isa = PBXBuildFile; fileRef = E8B4449B28ADF20B0003815B /* ProfileImageSelectView.swift */; };
		E8B4449E28ADF4AD0003815B /* ProfileImageSelectCell.swift in Sources */ = {isa = PBXBuildFile; fileRef = E8B4449D28ADF4AD0003815B /* ProfileImageSelectCell.swift */; };
		E8B444A228AE1BE40003815B /* ProfileSetupViewModel.swift in Sources */ = {isa = PBXBuildFile; fileRef = E8B444A128AE1BE40003815B /* ProfileSetupViewModel.swift */; };
		E8B444A528AE2AAD0003815B /* GLPopup.swift in Sources */ = {isa = PBXBuildFile; fileRef = E8B444A428AE2AAD0003815B /* GLPopup.swift */; };
		E8B444A928AF55E00003815B /* TokenAPI.swift in Sources */ = {isa = PBXBuildFile; fileRef = E8B444A828AF55E00003815B /* TokenAPI.swift */; };
		E8B444AF28B316FE0003815B /* UIColor+.swift in Sources */ = {isa = PBXBuildFile; fileRef = E8B444AE28B316FE0003815B /* UIColor+.swift */; };
		E8B444B228B338710003815B /* SwipeButton.swift in Sources */ = {isa = PBXBuildFile; fileRef = E8B444B128B338710003815B /* SwipeButton.swift */; };
		E8B444B528B36D1A0003815B /* MoodCell.swift in Sources */ = {isa = PBXBuildFile; fileRef = E8B444B428B36D1A0003815B /* MoodCell.swift */; };
		E8B444B728B3723A0003815B /* MoodView.swift in Sources */ = {isa = PBXBuildFile; fileRef = E8B444B628B3723A0003815B /* MoodView.swift */; };
		E8B444B928B4A2680003815B /* CallViewModel.swift in Sources */ = {isa = PBXBuildFile; fileRef = E8B444B828B4A2680003815B /* CallViewModel.swift */; };
		E8B444BC28B4B4990003815B /* CallReviewViewModel.swift in Sources */ = {isa = PBXBuildFile; fileRef = E8B444BB28B4B4990003815B /* CallReviewViewModel.swift */; };
		E8B444CD28B730CE0003815B /* GLTextView.swift in Sources */ = {isa = PBXBuildFile; fileRef = E8B444CC28B730CE0003815B /* GLTextView.swift */; };
		E8B444D128B759300003815B /* Localizable.strings in Resources */ = {isa = PBXBuildFile; fileRef = E8B444D328B759300003815B /* Localizable.strings */; };
		E8B444D828B759B20003815B /* String+.swift in Sources */ = {isa = PBXBuildFile; fileRef = E8B444D728B759B20003815B /* String+.swift */; };
		E8C3320928925F3400ECE59C /* CallVC.swift in Sources */ = {isa = PBXBuildFile; fileRef = E8C3320828925F3400ECE59C /* CallVC.swift */; };
		E8C3320B289265F400ECE59C /* CallManager.swift in Sources */ = {isa = PBXBuildFile; fileRef = E8C3320A289265F400ECE59C /* CallManager.swift */; };
		E8C3320D289366DF00ECE59C /* LoginViewModel.swift in Sources */ = {isa = PBXBuildFile; fileRef = E8C3320C289366DF00ECE59C /* LoginViewModel.swift */; };
		E8CB6566288E35090076E254 /* Log.swift in Sources */ = {isa = PBXBuildFile; fileRef = E8CB6565288E35090076E254 /* Log.swift */; };
		E8CB6568288E359A0076E254 /* ViewModelType.swift in Sources */ = {isa = PBXBuildFile; fileRef = E8CB6567288E359A0076E254 /* ViewModelType.swift */; };
		E8CB6574288E6B130076E254 /* SnapKitType.swift in Sources */ = {isa = PBXBuildFile; fileRef = E8CB6573288E6B130076E254 /* SnapKitType.swift */; };
		E8CE19E2289CE08C007A56FE /* UIButton+.swift in Sources */ = {isa = PBXBuildFile; fileRef = E8CE19E1289CE08C007A56FE /* UIButton+.swift */; };
		E8CE19E4289CE15E007A56FE /* Const.swift in Sources */ = {isa = PBXBuildFile; fileRef = E8CE19E3289CE15E007A56FE /* Const.swift */; };
		E8CFBCC4288F6DA000D63B07 /* CoordinatorType.swift in Sources */ = {isa = PBXBuildFile; fileRef = E8CFBCC3288F6DA000D63B07 /* CoordinatorType.swift */; };
		E8CFBCC7288F6DE900D63B07 /* LoginCoordinator.swift in Sources */ = {isa = PBXBuildFile; fileRef = E8CFBCC6288F6DE900D63B07 /* LoginCoordinator.swift */; };
		E8CFBCCF288F73AB00D63B07 /* AppCoordinator.swift in Sources */ = {isa = PBXBuildFile; fileRef = E8CFBCCE288F73AB00D63B07 /* AppCoordinator.swift */; };
		E8CFBCD8288F7A9C00D63B07 /* HomeCoordinator.swift in Sources */ = {isa = PBXBuildFile; fileRef = E8CFBCD7288F7A9C00D63B07 /* HomeCoordinator.swift */; };
		E8CFBCDA288F7B4800D63B07 /* HomeVC.swift in Sources */ = {isa = PBXBuildFile; fileRef = E8CFBCD9288F7B4800D63B07 /* HomeVC.swift */; };
		E8CFBCDC288F7D0900D63B07 /* MainCoordinator.swift in Sources */ = {isa = PBXBuildFile; fileRef = E8CFBCDB288F7D0900D63B07 /* MainCoordinator.swift */; };
		E8CFBCE1288F874C00D63B07 /* MyPageVC.swift in Sources */ = {isa = PBXBuildFile; fileRef = E8CFBCE0288F874C00D63B07 /* MyPageVC.swift */; };
		E8CFBCE3288F876400D63B07 /* MyPageCoordinator.swift in Sources */ = {isa = PBXBuildFile; fileRef = E8CFBCE2288F876400D63B07 /* MyPageCoordinator.swift */; };
		E8CFBCEA288FDB9C00D63B07 /* UIView+.swift in Sources */ = {isa = PBXBuildFile; fileRef = E8CFBCE9288FDB9C00D63B07 /* UIView+.swift */; };
		E8D09854289A6C4D008AD55F /* SocketManager.swift in Sources */ = {isa = PBXBuildFile; fileRef = E8D09853289A6C4D008AD55F /* SocketManager.swift */; };
		ECBA27B128A4DD0E0034A751 /* MyPageModifyVC.swift in Sources */ = {isa = PBXBuildFile; fileRef = ECBA27B028A4DD0E0034A751 /* MyPageModifyVC.swift */; };
		ECBA27B528A4DF970034A751 /* TagView.swift in Sources */ = {isa = PBXBuildFile; fileRef = ECBA27B428A4DF970034A751 /* TagView.swift */; };
		ECBA27B728A4E0B60034A751 /* TagCell.swift in Sources */ = {isa = PBXBuildFile; fileRef = ECBA27B628A4E0B60034A751 /* TagCell.swift */; };
		ECBA27B928A4FCEE0034A751 /* TagCollectionViewLayout.swift in Sources */ = {isa = PBXBuildFile; fileRef = ECBA27B828A4FCEE0034A751 /* TagCollectionViewLayout.swift */; };
/* End PBXBuildFile section */

/* Begin PBXFileReference section */
		0A350B7C28BC5DD800EC83DA /* RecordBgCell.swift */ = {isa = PBXFileReference; lastKnownFileType = sourcecode.swift; path = RecordBgCell.swift; sourceTree = "<group>"; };
		0A350B8628BCA56C00EC83DA /* RecordContenttCell.swift */ = {isa = PBXFileReference; lastKnownFileType = sourcecode.swift; path = RecordContenttCell.swift; sourceTree = "<group>"; };
		0A350B8828BCA63500EC83DA /* RecordCollectionView.swift */ = {isa = PBXFileReference; lastKnownFileType = sourcecode.swift; path = RecordCollectionView.swift; sourceTree = "<group>"; };
		0A558A3628B61DCE001949D6 /* JoinCoordinator.swift */ = {isa = PBXFileReference; lastKnownFileType = sourcecode.swift; path = JoinCoordinator.swift; sourceTree = "<group>"; };
		0A558A3928B61E02001949D6 /* JoinMatchVC.swift */ = {isa = PBXFileReference; lastKnownFileType = sourcecode.swift; path = JoinMatchVC.swift; sourceTree = "<group>"; };
		0A558A3B28B61E28001949D6 /* JoinVC.swift */ = {isa = PBXFileReference; lastKnownFileType = sourcecode.swift; path = JoinVC.swift; sourceTree = "<group>"; };
		0A558A3D28B61E44001949D6 /* TimeCell.swift */ = {isa = PBXFileReference; lastKnownFileType = sourcecode.swift; path = TimeCell.swift; sourceTree = "<group>"; };
		0A558A3F28B61E62001949D6 /* TimeView.swift */ = {isa = PBXFileReference; lastKnownFileType = sourcecode.swift; path = TimeView.swift; sourceTree = "<group>"; };
		0A558A4128B61ED6001949D6 /* EmojiTagCell.swift */ = {isa = PBXFileReference; fileEncoding = 4; lastKnownFileType = sourcecode.swift; name = EmojiTagCell.swift; path = GoodListener/DesignSystem/Components/EmojiView/EmojiTagCell.swift; sourceTree = SOURCE_ROOT; };
		0A558A4328B61F25001949D6 /* EmojiTagFlowLayout.swift */ = {isa = PBXFileReference; fileEncoding = 4; lastKnownFileType = sourcecode.swift; path = EmojiTagFlowLayout.swift; sourceTree = "<group>"; };
		0A558A4528B61F2A001949D6 /* EmojiTagView.swift */ = {isa = PBXFileReference; fileEncoding = 4; lastKnownFileType = sourcecode.swift; path = EmojiTagView.swift; sourceTree = "<group>"; };
		0A558A4728B61F36001949D6 /* GLTwoButton.swift */ = {isa = PBXFileReference; fileEncoding = 4; lastKnownFileType = sourcecode.swift; path = GLTwoButton.swift; sourceTree = "<group>"; };
		0A703B522896AB8300A05124 /* UserAPI.swift */ = {isa = PBXFileReference; lastKnownFileType = sourcecode.swift; name = UserAPI.swift; path = GoodListener/Data/Network/API/User/UserAPI.swift; sourceTree = SOURCE_ROOT; };
		0A703B562896B4DC00A05124 /* ErrorPayLoad.swift */ = {isa = PBXFileReference; lastKnownFileType = sourcecode.swift; name = ErrorPayLoad.swift; path = GoodListener/Domain/Entities/ErrorPayLoad.swift; sourceTree = SOURCE_ROOT; };
		0A703B582896BC5E00A05124 /* WeatherInfo.swift */ = {isa = PBXFileReference; lastKnownFileType = sourcecode.swift; name = WeatherInfo.swift; path = GoodListener/Domain/Entities/WeatherInfo.swift; sourceTree = SOURCE_ROOT; };
		0ABA281D288D5B55000D889B /* GoodListener.app */ = {isa = PBXFileReference; explicitFileType = wrapper.application; includeInIndex = 0; path = GoodListener.app; sourceTree = BUILT_PRODUCTS_DIR; };
		0ABA2820288D5B55000D889B /* AppDelegate.swift */ = {isa = PBXFileReference; lastKnownFileType = sourcecode.swift; path = AppDelegate.swift; sourceTree = "<group>"; };
		0ABA2822288D5B55000D889B /* SceneDelegate.swift */ = {isa = PBXFileReference; lastKnownFileType = sourcecode.swift; path = SceneDelegate.swift; sourceTree = "<group>"; };
		0ABA2824288D5B55000D889B /* LoginVC.swift */ = {isa = PBXFileReference; lastKnownFileType = sourcecode.swift; path = LoginVC.swift; sourceTree = "<group>"; };
		0ABA2827288D5B55000D889B /* Base */ = {isa = PBXFileReference; lastKnownFileType = file.storyboard; name = Base; path = Base.lproj/Main.storyboard; sourceTree = "<group>"; };
		0ABA2829288D5B56000D889B /* Assets.xcassets */ = {isa = PBXFileReference; lastKnownFileType = folder.assetcatalog; path = Assets.xcassets; sourceTree = "<group>"; };
		0ABA282C288D5B56000D889B /* Base */ = {isa = PBXFileReference; lastKnownFileType = file.storyboard; name = Base; path = Base.lproj/LaunchScreen.storyboard; sourceTree = "<group>"; };
		0AD4186528B75BB9008AE8AA /* GoodListenerRelease.entitlements */ = {isa = PBXFileReference; lastKnownFileType = text.plist.entitlements; path = GoodListenerRelease.entitlements; sourceTree = "<group>"; };
		0AF43089288FD8800078B2D5 /* ApplicantCoordinator.swift */ = {isa = PBXFileReference; lastKnownFileType = sourcecode.swift; path = ApplicantCoordinator.swift; sourceTree = "<group>"; };
		0AF4308B288FD8E90078B2D5 /* ApplicantVC.swift */ = {isa = PBXFileReference; lastKnownFileType = sourcecode.swift; path = ApplicantVC.swift; sourceTree = "<group>"; };
		0AF4308D288FDC230078B2D5 /* RecordCoordinator.swift */ = {isa = PBXFileReference; lastKnownFileType = sourcecode.swift; path = RecordCoordinator.swift; sourceTree = "<group>"; };
		0AF43092288FDC850078B2D5 /* RecordVC.swift */ = {isa = PBXFileReference; lastKnownFileType = sourcecode.swift; path = RecordVC.swift; sourceTree = "<group>"; };
		0F1AC0E77A46575A9E243914 /* Pods-GoodListener.release.xcconfig */ = {isa = PBXFileReference; includeInIndex = 1; lastKnownFileType = text.xcconfig; name = "Pods-GoodListener.release.xcconfig"; path = "Target Support Files/Pods-GoodListener/Pods-GoodListener.release.xcconfig"; sourceTree = "<group>"; };
		47C5C925F8CF8A111AFD7E1E /* Pods-GoodListener.debug.xcconfig */ = {isa = PBXFileReference; includeInIndex = 1; lastKnownFileType = text.xcconfig; name = "Pods-GoodListener.debug.xcconfig"; path = "Target Support Files/Pods-GoodListener/Pods-GoodListener.debug.xcconfig"; sourceTree = "<group>"; };
		5450741D5E8F8D9D306A0E69 /* Pods_GoodListener.framework */ = {isa = PBXFileReference; explicitFileType = wrapper.framework; includeInIndex = 0; path = Pods_GoodListener.framework; sourceTree = BUILT_PRODUCTS_DIR; };
		E81E41DB28BDCBEC0094CFD9 /* MyPageModifyViewModel.swift */ = {isa = PBXFileReference; lastKnownFileType = sourcecode.swift; name = MyPageModifyViewModel.swift; path = GoodListener/Domain/Entities/MyPageModifyViewModel.swift; sourceTree = SOURCE_ROOT; };
		E81E41E028BDF5840094CFD9 /* DeleteAccountVC.swift */ = {isa = PBXFileReference; lastKnownFileType = sourcecode.swift; path = DeleteAccountVC.swift; sourceTree = "<group>"; };
		E81E41E228BDF8540094CFD9 /* CheckBox.swift */ = {isa = PBXFileReference; lastKnownFileType = sourcecode.swift; path = CheckBox.swift; sourceTree = "<group>"; };
		E81E41E428BE0B1B0094CFD9 /* DeleteAccountViewModel.swift */ = {isa = PBXFileReference; lastKnownFileType = sourcecode.swift; path = DeleteAccountViewModel.swift; sourceTree = "<group>"; };
		E81E41E628BEF5190094CFD9 /* PopupMessage.swift */ = {isa = PBXFileReference; lastKnownFileType = sourcecode.swift; path = PopupMessage.swift; sourceTree = "<group>"; };
		E81E41F428BF2FE80094CFD9 /* CustomTabBarController.swift */ = {isa = PBXFileReference; lastKnownFileType = sourcecode.swift; path = CustomTabBarController.swift; sourceTree = "<group>"; };
		E83BD7FD288E7165006B98B2 /* Info.plist */ = {isa = PBXFileReference; fileEncoding = 4; lastKnownFileType = text.plist.xml; path = Info.plist; sourceTree = "<group>"; };
		E845494A28BC4CB600DAD6EE /* GLTextField.swift */ = {isa = PBXFileReference; fileEncoding = 4; lastKnownFileType = sourcecode.swift; path = GLTextField.swift; sourceTree = "<group>"; };
		E845494C28BC553400DAD6EE /* TermsOfServicePopup.swift */ = {isa = PBXFileReference; fileEncoding = 4; lastKnownFileType = sourcecode.swift; path = TermsOfServicePopup.swift; sourceTree = "<group>"; };
		E845494D28BC553500DAD6EE /* TermsOfService.swift */ = {isa = PBXFileReference; fileEncoding = 4; lastKnownFileType = sourcecode.swift; path = TermsOfService.swift; sourceTree = "<group>"; };
		E845495328BC7F0100DAD6EE /* SignInModel.swift */ = {isa = PBXFileReference; lastKnownFileType = sourcecode.swift; path = SignInModel.swift; sourceTree = "<group>"; };
		E8A79539289CB28000EF9E1B /* FontManager.swift */ = {isa = PBXFileReference; lastKnownFileType = sourcecode.swift; path = FontManager.swift; sourceTree = "<group>"; };
		E8A7953D289CC9CA00EF9E1B /* NotoSansKR-Light.otf */ = {isa = PBXFileReference; lastKnownFileType = file; path = "NotoSansKR-Light.otf"; sourceTree = "<group>"; };
		E8A7953E289CC9CA00EF9E1B /* NotoSansKR-Bold.otf */ = {isa = PBXFileReference; lastKnownFileType = file; path = "NotoSansKR-Bold.otf"; sourceTree = "<group>"; };
		E8A7953F289CC9CA00EF9E1B /* NotoSansKR-Thin.otf */ = {isa = PBXFileReference; lastKnownFileType = file; path = "NotoSansKR-Thin.otf"; sourceTree = "<group>"; };
		E8A79540289CC9CA00EF9E1B /* OFL.txt */ = {isa = PBXFileReference; fileEncoding = 4; lastKnownFileType = text; path = OFL.txt; sourceTree = "<group>"; };
		E8A79541289CC9CA00EF9E1B /* NotoSansKR-Black.otf */ = {isa = PBXFileReference; lastKnownFileType = file; path = "NotoSansKR-Black.otf"; sourceTree = "<group>"; };
		E8A79542289CC9CA00EF9E1B /* NotoSansKR-Medium.otf */ = {isa = PBXFileReference; lastKnownFileType = file; path = "NotoSansKR-Medium.otf"; sourceTree = "<group>"; };
		E8A79543289CC9CA00EF9E1B /* NotoSansKR-Regular.otf */ = {isa = PBXFileReference; lastKnownFileType = file; path = "NotoSansKR-Regular.otf"; sourceTree = "<group>"; };
		E8A7954C289CCC4700EF9E1B /* Colors.swift */ = {isa = PBXFileReference; lastKnownFileType = sourcecode.swift; path = Colors.swift; sourceTree = "<group>"; };
		E8A79551289CD71000EF9E1B /* GoogleService-Info.plist */ = {isa = PBXFileReference; fileEncoding = 4; lastKnownFileType = text.plist.xml; path = "GoogleService-Info.plist"; sourceTree = "<group>"; };
		E8A79553289CDA7700EF9E1B /* GLButton.swift */ = {isa = PBXFileReference; lastKnownFileType = sourcecode.swift; path = GLButton.swift; sourceTree = "<group>"; };
		E8B4435028A0E8540003815B /* PersonalInfoVC.swift */ = {isa = PBXFileReference; lastKnownFileType = sourcecode.swift; path = PersonalInfoVC.swift; sourceTree = "<group>"; };
		E8B4435728A0EADD0003815B /* ProfileSetupVC.swift */ = {isa = PBXFileReference; lastKnownFileType = sourcecode.swift; path = ProfileSetupVC.swift; sourceTree = "<group>"; };
		E8B4435928A103570003815B /* UILabel+.swift */ = {isa = PBXFileReference; lastKnownFileType = sourcecode.swift; path = "UILabel+.swift"; sourceTree = "<group>"; };
		E8B443EE28A2273E0003815B /* CallCoordinator.swift */ = {isa = PBXFileReference; lastKnownFileType = sourcecode.swift; path = CallCoordinator.swift; sourceTree = "<group>"; };
		E8B443F428A22ABD0003815B /* CallReviewVC.swift */ = {isa = PBXFileReference; lastKnownFileType = sourcecode.swift; path = CallReviewVC.swift; sourceTree = "<group>"; };
		E8B443FA28A23E5B0003815B /* MyPageSetVC.swift */ = {isa = PBXFileReference; lastKnownFileType = sourcecode.swift; path = MyPageSetVC.swift; sourceTree = "<group>"; };
		E8B443FC28A243CC0003815B /* NavigationView.swift */ = {isa = PBXFileReference; lastKnownFileType = sourcecode.swift; path = NavigationView.swift; sourceTree = "<group>"; };
		E8B443FE28A255D30003815B /* CALayer+.swift */ = {isa = PBXFileReference; lastKnownFileType = sourcecode.swift; path = "CALayer+.swift"; sourceTree = "<group>"; };
		E8B4449128ACB6610003815B /* NetworkConstant.swift */ = {isa = PBXFileReference; lastKnownFileType = sourcecode.swift; path = NetworkConstant.swift; sourceTree = "<group>"; };
		E8B4449528ACC7AD0003815B /* UserDefaultsManager.swift */ = {isa = PBXFileReference; lastKnownFileType = sourcecode.swift; path = UserDefaultsManager.swift; sourceTree = "<group>"; };
		E8B4449728ACDF890003815B /* PersonalInfoViewModel.swift */ = {isa = PBXFileReference; lastKnownFileType = sourcecode.swift; path = PersonalInfoViewModel.swift; sourceTree = "<group>"; };
		E8B4449928ADC8620003815B /* UserInfo.swift */ = {isa = PBXFileReference; lastKnownFileType = sourcecode.swift; path = UserInfo.swift; sourceTree = "<group>"; };
		E8B4449B28ADF20B0003815B /* ProfileImageSelectView.swift */ = {isa = PBXFileReference; lastKnownFileType = sourcecode.swift; path = ProfileImageSelectView.swift; sourceTree = "<group>"; };
		E8B4449D28ADF4AD0003815B /* ProfileImageSelectCell.swift */ = {isa = PBXFileReference; lastKnownFileType = sourcecode.swift; path = ProfileImageSelectCell.swift; sourceTree = "<group>"; };
		E8B444A128AE1BE40003815B /* ProfileSetupViewModel.swift */ = {isa = PBXFileReference; lastKnownFileType = sourcecode.swift; path = ProfileSetupViewModel.swift; sourceTree = "<group>"; };
		E8B444A428AE2AAD0003815B /* GLPopup.swift */ = {isa = PBXFileReference; lastKnownFileType = sourcecode.swift; path = GLPopup.swift; sourceTree = "<group>"; };
		E8B444A828AF55E00003815B /* TokenAPI.swift */ = {isa = PBXFileReference; lastKnownFileType = sourcecode.swift; path = TokenAPI.swift; sourceTree = "<group>"; };
		E8B444AE28B316FE0003815B /* UIColor+.swift */ = {isa = PBXFileReference; lastKnownFileType = sourcecode.swift; path = "UIColor+.swift"; sourceTree = "<group>"; };
		E8B444B128B338710003815B /* SwipeButton.swift */ = {isa = PBXFileReference; lastKnownFileType = sourcecode.swift; path = SwipeButton.swift; sourceTree = "<group>"; };
		E8B444B428B36D1A0003815B /* MoodCell.swift */ = {isa = PBXFileReference; lastKnownFileType = sourcecode.swift; path = MoodCell.swift; sourceTree = "<group>"; };
		E8B444B628B3723A0003815B /* MoodView.swift */ = {isa = PBXFileReference; lastKnownFileType = sourcecode.swift; path = MoodView.swift; sourceTree = "<group>"; };
		E8B444B828B4A2680003815B /* CallViewModel.swift */ = {isa = PBXFileReference; lastKnownFileType = sourcecode.swift; path = CallViewModel.swift; sourceTree = "<group>"; };
		E8B444BB28B4B4990003815B /* CallReviewViewModel.swift */ = {isa = PBXFileReference; lastKnownFileType = sourcecode.swift; path = CallReviewViewModel.swift; sourceTree = "<group>"; };
		E8B444CC28B730CE0003815B /* GLTextView.swift */ = {isa = PBXFileReference; lastKnownFileType = sourcecode.swift; path = GLTextView.swift; sourceTree = "<group>"; };
		E8B444D228B759300003815B /* en */ = {isa = PBXFileReference; lastKnownFileType = text.plist.strings; name = en; path = en.lproj/Localizable.strings; sourceTree = "<group>"; };
		E8B444D428B759810003815B /* ko */ = {isa = PBXFileReference; lastKnownFileType = text.plist.strings; name = ko; path = ko.lproj/Main.strings; sourceTree = "<group>"; };
		E8B444D528B759810003815B /* ko */ = {isa = PBXFileReference; lastKnownFileType = text.plist.strings; name = ko; path = ko.lproj/LaunchScreen.strings; sourceTree = "<group>"; };
		E8B444D628B759810003815B /* ko */ = {isa = PBXFileReference; lastKnownFileType = text.plist.strings; name = ko; path = ko.lproj/Localizable.strings; sourceTree = "<group>"; };
		E8B444D728B759B20003815B /* String+.swift */ = {isa = PBXFileReference; lastKnownFileType = sourcecode.swift; path = "String+.swift"; sourceTree = "<group>"; };
		E8C3320828925F3400ECE59C /* CallVC.swift */ = {isa = PBXFileReference; lastKnownFileType = sourcecode.swift; path = CallVC.swift; sourceTree = "<group>"; };
		E8C3320A289265F400ECE59C /* CallManager.swift */ = {isa = PBXFileReference; lastKnownFileType = sourcecode.swift; path = CallManager.swift; sourceTree = "<group>"; };
		E8C3320C289366DF00ECE59C /* LoginViewModel.swift */ = {isa = PBXFileReference; lastKnownFileType = sourcecode.swift; path = LoginViewModel.swift; sourceTree = "<group>"; };
		E8CB6565288E35090076E254 /* Log.swift */ = {isa = PBXFileReference; lastKnownFileType = sourcecode.swift; path = Log.swift; sourceTree = "<group>"; };
		E8CB6567288E359A0076E254 /* ViewModelType.swift */ = {isa = PBXFileReference; lastKnownFileType = sourcecode.swift; path = ViewModelType.swift; sourceTree = "<group>"; };
		E8CB6573288E6B130076E254 /* SnapKitType.swift */ = {isa = PBXFileReference; lastKnownFileType = sourcecode.swift; path = SnapKitType.swift; sourceTree = "<group>"; };
		E8CE19E1289CE08C007A56FE /* UIButton+.swift */ = {isa = PBXFileReference; lastKnownFileType = sourcecode.swift; path = "UIButton+.swift"; sourceTree = "<group>"; };
		E8CE19E3289CE15E007A56FE /* Const.swift */ = {isa = PBXFileReference; lastKnownFileType = sourcecode.swift; path = Const.swift; sourceTree = "<group>"; };
		E8CFBCC2288E8F1F00D63B07 /* GoodListener.entitlements */ = {isa = PBXFileReference; lastKnownFileType = text.plist.entitlements; path = GoodListener.entitlements; sourceTree = "<group>"; };
		E8CFBCC3288F6DA000D63B07 /* CoordinatorType.swift */ = {isa = PBXFileReference; lastKnownFileType = sourcecode.swift; path = CoordinatorType.swift; sourceTree = "<group>"; };
		E8CFBCC6288F6DE900D63B07 /* LoginCoordinator.swift */ = {isa = PBXFileReference; lastKnownFileType = sourcecode.swift; path = LoginCoordinator.swift; sourceTree = "<group>"; };
		E8CFBCCE288F73AB00D63B07 /* AppCoordinator.swift */ = {isa = PBXFileReference; lastKnownFileType = sourcecode.swift; path = AppCoordinator.swift; sourceTree = "<group>"; };
		E8CFBCD7288F7A9C00D63B07 /* HomeCoordinator.swift */ = {isa = PBXFileReference; lastKnownFileType = sourcecode.swift; path = HomeCoordinator.swift; sourceTree = "<group>"; };
		E8CFBCD9288F7B4800D63B07 /* HomeVC.swift */ = {isa = PBXFileReference; lastKnownFileType = sourcecode.swift; path = HomeVC.swift; sourceTree = "<group>"; };
		E8CFBCDB288F7D0900D63B07 /* MainCoordinator.swift */ = {isa = PBXFileReference; lastKnownFileType = sourcecode.swift; path = MainCoordinator.swift; sourceTree = "<group>"; };
		E8CFBCE0288F874C00D63B07 /* MyPageVC.swift */ = {isa = PBXFileReference; lastKnownFileType = sourcecode.swift; path = MyPageVC.swift; sourceTree = "<group>"; };
		E8CFBCE2288F876400D63B07 /* MyPageCoordinator.swift */ = {isa = PBXFileReference; lastKnownFileType = sourcecode.swift; path = MyPageCoordinator.swift; sourceTree = "<group>"; };
		E8CFBCE9288FDB9C00D63B07 /* UIView+.swift */ = {isa = PBXFileReference; lastKnownFileType = sourcecode.swift; path = "UIView+.swift"; sourceTree = "<group>"; };
		E8D09853289A6C4D008AD55F /* SocketManager.swift */ = {isa = PBXFileReference; lastKnownFileType = sourcecode.swift; path = SocketManager.swift; sourceTree = "<group>"; };
		ECBA27B028A4DD0E0034A751 /* MyPageModifyVC.swift */ = {isa = PBXFileReference; lastKnownFileType = sourcecode.swift; path = MyPageModifyVC.swift; sourceTree = "<group>"; };
		ECBA27B428A4DF970034A751 /* TagView.swift */ = {isa = PBXFileReference; lastKnownFileType = sourcecode.swift; path = TagView.swift; sourceTree = "<group>"; };
		ECBA27B628A4E0B60034A751 /* TagCell.swift */ = {isa = PBXFileReference; lastKnownFileType = sourcecode.swift; path = TagCell.swift; sourceTree = "<group>"; };
		ECBA27B828A4FCEE0034A751 /* TagCollectionViewLayout.swift */ = {isa = PBXFileReference; lastKnownFileType = sourcecode.swift; path = TagCollectionViewLayout.swift; sourceTree = "<group>"; };
/* End PBXFileReference section */

/* Begin PBXFrameworksBuildPhase section */
		0ABA281A288D5B55000D889B /* Frameworks */ = {
			isa = PBXFrameworksBuildPhase;
			buildActionMask = 2147483647;
			files = (
				73B35A699773E2A2848FCE3D /* Pods_GoodListener.framework in Frameworks */,
			);
			runOnlyForDeploymentPostprocessing = 0;
		};
/* End PBXFrameworksBuildPhase section */

/* Begin PBXGroup section */
		0A558A3328B61D53001949D6 /* JoinScene */ = {
			isa = PBXGroup;
			children = (
				0A558A3428B61DB3001949D6 /* Flow */,
				0A558A3528B61DBB001949D6 /* Join */,
			);
			path = JoinScene;
			sourceTree = "<group>";
		};
		0A558A3428B61DB3001949D6 /* Flow */ = {
			isa = PBXGroup;
			children = (
				0A558A3628B61DCE001949D6 /* JoinCoordinator.swift */,
			);
			path = Flow;
			sourceTree = "<group>";
		};
		0A558A3528B61DBB001949D6 /* Join */ = {
			isa = PBXGroup;
			children = (
				0A558A3828B61DF0001949D6 /* View */,
			);
			path = Join;
			sourceTree = "<group>";
		};
		0A558A3828B61DF0001949D6 /* View */ = {
			isa = PBXGroup;
			children = (
				0A558A3928B61E02001949D6 /* JoinMatchVC.swift */,
				0A558A3B28B61E28001949D6 /* JoinVC.swift */,
				0A558A3D28B61E44001949D6 /* TimeCell.swift */,
				0A558A3F28B61E62001949D6 /* TimeView.swift */,
			);
			path = View;
			sourceTree = "<group>";
		};
		0A558A4928B62010001949D6 /* EmojiView */ = {
			isa = PBXGroup;
			children = (
				0A558A4528B61F2A001949D6 /* EmojiTagView.swift */,
				0A558A4328B61F25001949D6 /* EmojiTagFlowLayout.swift */,
				0A558A4128B61ED6001949D6 /* EmojiTagCell.swift */,
			);
			path = EmojiView;
			sourceTree = "<group>";
		};
		0A558A4A28B62046001949D6 /* Button */ = {
			isa = PBXGroup;
			children = (
				E8A79553289CDA7700EF9E1B /* GLButton.swift */,
				0A558A4728B61F36001949D6 /* GLTwoButton.swift */,
				E8B444B128B338710003815B /* SwipeButton.swift */,
			);
			path = Button;
			sourceTree = "<group>";
		};
		0A558A4B28B6205B001949D6 /* Popup */ = {
			isa = PBXGroup;
			children = (
				E8B444A428AE2AAD0003815B /* GLPopup.swift */,
			);
			path = Popup;
			sourceTree = "<group>";
		};
		0ABA2814288D5B55000D889B = {
			isa = PBXGroup;
			children = (
				0ABA281F288D5B55000D889B /* GoodListener */,
				0ABA281E288D5B55000D889B /* Products */,
				EFE54EE7D3D04F3932FBA642 /* Pods */,
				9E5395048E9945AE010C76B6 /* Frameworks */,
			);
			sourceTree = "<group>";
		};
		0ABA281E288D5B55000D889B /* Products */ = {
			isa = PBXGroup;
			children = (
				0ABA281D288D5B55000D889B /* GoodListener.app */,
			);
			name = Products;
			sourceTree = "<group>";
		};
		0ABA281F288D5B55000D889B /* GoodListener */ = {
			isa = PBXGroup;
			children = (
				0AD4186528B75BB9008AE8AA /* GoodListenerRelease.entitlements */,
				E8CFBCC2288E8F1F00D63B07 /* GoodListener.entitlements */,
				E8CFBCBE288E74C200D63B07 /* Data */,
				E8CB656D288E667F0076E254 /* Presentation */,
				E8CB656C288E66780076E254 /* Domain */,
				E8CB656A288E35D40076E254 /* Support */,
				E8CB6570288E67610076E254 /* Resources */,
				E8CFBCEB288FDDC800D63B07 /* DesignSystem */,
				E8CB6569288E35CB0076E254 /* Application */,
			);
			path = GoodListener;
			sourceTree = "<group>";
		};
		0AF43086288FD82F0078B2D5 /* Applicant */ = {
			isa = PBXGroup;
			children = (
				0AF43087288FD84F0078B2D5 /* View */,
				0AF43088288FD8550078B2D5 /* ViewModel */,
			);
			path = Applicant;
			sourceTree = "<group>";
		};
		0AF43087288FD84F0078B2D5 /* View */ = {
			isa = PBXGroup;
			children = (
				0AF4308B288FD8E90078B2D5 /* ApplicantVC.swift */,
			);
			path = View;
			sourceTree = "<group>";
		};
		0AF43088288FD8550078B2D5 /* ViewModel */ = {
			isa = PBXGroup;
			children = (
			);
			path = ViewModel;
			sourceTree = "<group>";
		};
		0AF4308F288FDC5B0078B2D5 /* Record */ = {
			isa = PBXGroup;
			children = (
				0AF43090288FDC690078B2D5 /* View */,
				0AF43091288FDC6F0078B2D5 /* ViewModel */,
			);
			path = Record;
			sourceTree = "<group>";
		};
		0AF43090288FDC690078B2D5 /* View */ = {
			isa = PBXGroup;
			children = (
				0AF43092288FDC850078B2D5 /* RecordVC.swift */,
				0A350B7C28BC5DD800EC83DA /* RecordBgCell.swift */,
				0A350B8628BCA56C00EC83DA /* RecordContenttCell.swift */,
				0A350B8828BCA63500EC83DA /* RecordCollectionView.swift */,
			);
			path = View;
			sourceTree = "<group>";
		};
		0AF43091288FDC6F0078B2D5 /* ViewModel */ = {
			isa = PBXGroup;
			children = (
			);
			path = ViewModel;
			sourceTree = "<group>";
		};
		9E5395048E9945AE010C76B6 /* Frameworks */ = {
			isa = PBXGroup;
			children = (
				5450741D5E8F8D9D306A0E69 /* Pods_GoodListener.framework */,
			);
			name = Frameworks;
			sourceTree = "<group>";
		};
		E81E41D928BDC9AA0094CFD9 /* User */ = {
			isa = PBXGroup;
			children = (
				0A703B522896AB8300A05124 /* UserAPI.swift */,
			);
			path = User;
			sourceTree = "<group>";
		};
		E81E41DA28BDC9B30094CFD9 /* Token */ = {
			isa = PBXGroup;
			children = (
				E8B444A828AF55E00003815B /* TokenAPI.swift */,
			);
			path = Token;
			sourceTree = "<group>";
		};
		E81E41DD28BDF4BD0094CFD9 /* DeleteAccount */ = {
			isa = PBXGroup;
			children = (
				E81E41DF28BDF4E40094CFD9 /* View */,
				E81E41DE28BDF4DB0094CFD9 /* ViewModel */,
			);
			path = DeleteAccount;
			sourceTree = "<group>";
		};
		E81E41DE28BDF4DB0094CFD9 /* ViewModel */ = {
			isa = PBXGroup;
			children = (
				E81E41E428BE0B1B0094CFD9 /* DeleteAccountViewModel.swift */,
			);
			path = ViewModel;
			sourceTree = "<group>";
		};
		E81E41DF28BDF4E40094CFD9 /* View */ = {
			isa = PBXGroup;
			children = (
				E81E41E028BDF5840094CFD9 /* DeleteAccountVC.swift */,
			);
			path = View;
			sourceTree = "<group>";
		};
		E845494928BC4CB600DAD6EE /* GLTextField */ = {
			isa = PBXGroup;
			children = (
				E845494A28BC4CB600DAD6EE /* GLTextField.swift */,
			);
			path = GLTextField;
			sourceTree = "<group>";
		};
		E845495128BC7CC100DAD6EE /* API */ = {
			isa = PBXGroup;
			children = (
				E81E41DA28BDC9B30094CFD9 /* Token */,
				E81E41D928BDC9AA0094CFD9 /* User */,
			);
			path = API;
			sourceTree = "<group>";
		};
		E845495228BC7CC800DAD6EE /* Socket */ = {
			isa = PBXGroup;
			children = (
				E8D09853289A6C4D008AD55F /* SocketManager.swift */,
			);
			path = Socket;
			sourceTree = "<group>";
		};
		E8A7953B289CB2BC00EF9E1B /* Font */ = {
			isa = PBXGroup;
			children = (
				E8A7953C289CC9CA00EF9E1B /* Noto_Sans_KR */,
				E8A79539289CB28000EF9E1B /* FontManager.swift */,
			);
			path = Font;
			sourceTree = "<group>";
		};
		E8A7953C289CC9CA00EF9E1B /* Noto_Sans_KR */ = {
			isa = PBXGroup;
			children = (
				E8A7953D289CC9CA00EF9E1B /* NotoSansKR-Light.otf */,
				E8A7953E289CC9CA00EF9E1B /* NotoSansKR-Bold.otf */,
				E8A7953F289CC9CA00EF9E1B /* NotoSansKR-Thin.otf */,
				E8A79540289CC9CA00EF9E1B /* OFL.txt */,
				E8A79541289CC9CA00EF9E1B /* NotoSansKR-Black.otf */,
				E8A79542289CC9CA00EF9E1B /* NotoSansKR-Medium.otf */,
				E8A79543289CC9CA00EF9E1B /* NotoSansKR-Regular.otf */,
			);
			path = Noto_Sans_KR;
			sourceTree = "<group>";
		};
		E8A7954B289CCA8500EF9E1B /* Color */ = {
			isa = PBXGroup;
			children = (
				E8A7954C289CCC4700EF9E1B /* Colors.swift */,
			);
			path = Color;
			sourceTree = "<group>";
		};
		E8B4434F28A0E8080003815B /* UserInfo */ = {
			isa = PBXGroup;
			children = (
				E8B4435328A0E86A0003815B /* View */,
				E8B4435228A0E8660003815B /* ViewModel */,
			);
			path = UserInfo;
			sourceTree = "<group>";
		};
		E8B4435228A0E8660003815B /* ViewModel */ = {
			isa = PBXGroup;
			children = (
				E8B4449728ACDF890003815B /* PersonalInfoViewModel.swift */,
			);
			path = ViewModel;
			sourceTree = "<group>";
		};
		E8B4435328A0E86A0003815B /* View */ = {
			isa = PBXGroup;
			children = (
				E8B4435028A0E8540003815B /* PersonalInfoVC.swift */,
			);
			path = View;
			sourceTree = "<group>";
		};
		E8B4435428A0EA8E0003815B /* ProfileSetup */ = {
			isa = PBXGroup;
			children = (
				E8B4435628A0EACC0003815B /* View */,
				E8B4435528A0EAC70003815B /* ViewModel */,
			);
			path = ProfileSetup;
			sourceTree = "<group>";
		};
		E8B4435528A0EAC70003815B /* ViewModel */ = {
			isa = PBXGroup;
			children = (
				E8B444A128AE1BE40003815B /* ProfileSetupViewModel.swift */,
			);
			path = ViewModel;
			sourceTree = "<group>";
		};
		E8B4435628A0EACC0003815B /* View */ = {
			isa = PBXGroup;
			children = (
				E8B4435728A0EADD0003815B /* ProfileSetupVC.swift */,
			);
			path = View;
			sourceTree = "<group>";
		};
		E8B443F028A22A330003815B /* Call */ = {
			isa = PBXGroup;
			children = (
				E8C3320528925F0600ECE59C /* View */,
				E8C3320628925F1300ECE59C /* ViewModel */,
			);
			path = Call;
			sourceTree = "<group>";
		};
		E8B443F128A22A4D0003815B /* CallReview */ = {
			isa = PBXGroup;
			children = (
				E8B443F328A22AA00003815B /* View */,
				E8B443F228A22A9B0003815B /* ViewModel */,
			);
			path = CallReview;
			sourceTree = "<group>";
		};
		E8B443F228A22A9B0003815B /* ViewModel */ = {
			isa = PBXGroup;
			children = (
				E8B444BB28B4B4990003815B /* CallReviewViewModel.swift */,
			);
			path = ViewModel;
			sourceTree = "<group>";
		};
		E8B443F328A22AA00003815B /* View */ = {
			isa = PBXGroup;
			children = (
				E8B443F428A22ABD0003815B /* CallReviewVC.swift */,
			);
			name = View;
			path = "퍋ㅈ";
			sourceTree = "<group>";
		};
		E8B443F628A23DFC0003815B /* MyPage */ = {
			isa = PBXGroup;
			children = (
				E8CFBCDF288F874000D63B07 /* View */,
				E8CFBCDE288F873C00D63B07 /* ViewModel */,
			);
			path = MyPage;
			sourceTree = "<group>";
		};
		E8B443F728A23E050003815B /* MyPageSet */ = {
			isa = PBXGroup;
			children = (
				E8B443F928A23E1A0003815B /* View */,
				E8B443F828A23E150003815B /* ViewModel */,
			);
			path = MyPageSet;
			sourceTree = "<group>";
		};
		E8B443F828A23E150003815B /* ViewModel */ = {
			isa = PBXGroup;
			children = (
			);
			path = ViewModel;
			sourceTree = "<group>";
		};
		E8B443F928A23E1A0003815B /* View */ = {
			isa = PBXGroup;
			children = (
				E8B443FA28A23E5B0003815B /* MyPageSetVC.swift */,
			);
			path = View;
			sourceTree = "<group>";
		};
		E8B444A328AE2A9E0003815B /* Components */ = {
			isa = PBXGroup;
			children = (
				E845494928BC4CB600DAD6EE /* GLTextField */,
				E8B444CE28B742650003815B /* ProfileImageSelectView */,
				0A558A4B28B6205B001949D6 /* Popup */,
				0A558A4A28B62046001949D6 /* Button */,
				0A558A4928B62010001949D6 /* EmojiView */,
				E8B444B328B36CE20003815B /* MoodView */,
				E8B444B028B3382C0003815B /* TagView */,
				E8B443FC28A243CC0003815B /* NavigationView.swift */,
				E8B444CC28B730CE0003815B /* GLTextView.swift */,
				E81E41E228BDF8540094CFD9 /* CheckBox.swift */,
				E81E41F428BF2FE80094CFD9 /* CustomTabBarController.swift */,
			);
			path = Components;
			sourceTree = "<group>";
		};
		E8B444B028B3382C0003815B /* TagView */ = {
			isa = PBXGroup;
			children = (
				ECBA27B428A4DF970034A751 /* TagView.swift */,
				ECBA27B628A4E0B60034A751 /* TagCell.swift */,
				ECBA27B828A4FCEE0034A751 /* TagCollectionViewLayout.swift */,
			);
			path = TagView;
			sourceTree = "<group>";
		};
		E8B444B328B36CE20003815B /* MoodView */ = {
			isa = PBXGroup;
			children = (
				E8B444B428B36D1A0003815B /* MoodCell.swift */,
				E8B444B628B3723A0003815B /* MoodView.swift */,
			);
			path = MoodView;
			sourceTree = "<group>";
		};
		E8B444CE28B742650003815B /* ProfileImageSelectView */ = {
			isa = PBXGroup;
			children = (
				E8B4449B28ADF20B0003815B /* ProfileImageSelectView.swift */,
				E8B4449D28ADF4AD0003815B /* ProfileImageSelectCell.swift */,
			);
			path = ProfileImageSelectView;
			sourceTree = "<group>";
		};
		E8C3320428925EFC00ECE59C /* CallScene */ = {
			isa = PBXGroup;
			children = (
				E8C3320728925F1900ECE59C /* Flow */,
				E8B443F028A22A330003815B /* Call */,
				E8B443F128A22A4D0003815B /* CallReview */,
			);
			path = CallScene;
			sourceTree = "<group>";
		};
		E8C3320528925F0600ECE59C /* View */ = {
			isa = PBXGroup;
			children = (
				E8C3320828925F3400ECE59C /* CallVC.swift */,
			);
			path = View;
			sourceTree = "<group>";
		};
		E8C3320628925F1300ECE59C /* ViewModel */ = {
			isa = PBXGroup;
			children = (
				E8B444B828B4A2680003815B /* CallViewModel.swift */,
			);
			path = ViewModel;
			sourceTree = "<group>";
		};
		E8C3320728925F1900ECE59C /* Flow */ = {
			isa = PBXGroup;
			children = (
				E8C3320A289265F400ECE59C /* CallManager.swift */,
				E8B443EE28A2273E0003815B /* CallCoordinator.swift */,
			);
			path = Flow;
			sourceTree = "<group>";
		};
		E8CB6569288E35CB0076E254 /* Application */ = {
			isa = PBXGroup;
			children = (
				0ABA2820288D5B55000D889B /* AppDelegate.swift */,
				0ABA2822288D5B55000D889B /* SceneDelegate.swift */,
				E8CFBCCE288F73AB00D63B07 /* AppCoordinator.swift */,
			);
			path = Application;
			sourceTree = "<group>";
		};
		E8CB656A288E35D40076E254 /* Support */ = {
			isa = PBXGroup;
			children = (
				E8CFBCE6288FCF4900D63B07 /* Extension */,
				E8CB6565288E35090076E254 /* Log.swift */,
				E8B4449528ACC7AD0003815B /* UserDefaultsManager.swift */,
			);
			path = Support;
			sourceTree = "<group>";
		};
		E8CB656B288E36420076E254 /* Interface */ = {
			isa = PBXGroup;
			children = (
				E8CB6567288E359A0076E254 /* ViewModelType.swift */,
				E8CB6573288E6B130076E254 /* SnapKitType.swift */,
				E8CFBCC3288F6DA000D63B07 /* CoordinatorType.swift */,
			);
			path = Interface;
			sourceTree = "<group>";
		};
		E8CB656C288E66780076E254 /* Domain */ = {
			isa = PBXGroup;
			children = (
				E8CB656E288E66C30076E254 /* Entities */,
			);
			path = Domain;
			sourceTree = "<group>";
		};
		E8CB656D288E667F0076E254 /* Presentation */ = {
			isa = PBXGroup;
			children = (
				0A558A3328B61D53001949D6 /* JoinScene */,
				E8C3320428925EFC00ECE59C /* CallScene */,
				E8CFBCD0288F79B700D63B07 /* MainScene */,
				E8CB656F288E67150076E254 /* LoginScene */,
			);
			path = Presentation;
			sourceTree = "<group>";
		};
		E8CB656E288E66C30076E254 /* Entities */ = {
			isa = PBXGroup;
			children = (
				E8CB656B288E36420076E254 /* Interface */,
				0A703B582896BC5E00A05124 /* WeatherInfo.swift */,
				0A703B562896B4DC00A05124 /* ErrorPayLoad.swift */,
				E8B4449928ADC8620003815B /* UserInfo.swift */,
				E845495328BC7F0100DAD6EE /* SignInModel.swift */,
			);
			path = Entities;
			sourceTree = "<group>";
		};
		E8CB656F288E67150076E254 /* LoginScene */ = {
			isa = PBXGroup;
			children = (
				E8CFBCC5288F6DE100D63B07 /* Flow */,
				E8CFBCC8288F704D00D63B07 /* Login */,
				E8B4434F28A0E8080003815B /* UserInfo */,
				E8B4435428A0EA8E0003815B /* ProfileSetup */,
			);
			path = LoginScene;
			sourceTree = "<group>";
		};
		E8CB6570288E67610076E254 /* Resources */ = {
			isa = PBXGroup;
			children = (
				E83BD7FD288E7165006B98B2 /* Info.plist */,
				E8A79551289CD71000EF9E1B /* GoogleService-Info.plist */,
				0ABA2829288D5B56000D889B /* Assets.xcassets */,
				0ABA282B288D5B56000D889B /* LaunchScreen.storyboard */,
				E8B444D328B759300003815B /* Localizable.strings */,
			);
			path = Resources;
			sourceTree = "<group>";
		};
		E8CB6571288E67B30076E254 /* View */ = {
			isa = PBXGroup;
			children = (
				0ABA2824288D5B55000D889B /* LoginVC.swift */,
				E845494D28BC553500DAD6EE /* TermsOfService.swift */,
				E845494C28BC553400DAD6EE /* TermsOfServicePopup.swift */,
				0ABA2826288D5B55000D889B /* Main.storyboard */,
			);
			path = View;
			sourceTree = "<group>";
		};
		E8CB6572288E67B80076E254 /* ViewModel */ = {
			isa = PBXGroup;
			children = (
				E8C3320C289366DF00ECE59C /* LoginViewModel.swift */,
			);
			path = ViewModel;
			sourceTree = "<group>";
		};
		E8CFBCBE288E74C200D63B07 /* Data */ = {
			isa = PBXGroup;
			children = (
				E8CFBCC1288E74F800D63B07 /* Network */,
			);
			path = Data;
			sourceTree = "<group>";
		};
		E8CFBCC1288E74F800D63B07 /* Network */ = {
			isa = PBXGroup;
			children = (
				E845495228BC7CC800DAD6EE /* Socket */,
				E845495128BC7CC100DAD6EE /* API */,
				E8B4449128ACB6610003815B /* NetworkConstant.swift */,
			);
			path = Network;
			sourceTree = "<group>";
		};
		E8CFBCC5288F6DE100D63B07 /* Flow */ = {
			isa = PBXGroup;
			children = (
				E8CFBCC6288F6DE900D63B07 /* LoginCoordinator.swift */,
			);
			path = Flow;
			sourceTree = "<group>";
		};
		E8CFBCC8288F704D00D63B07 /* Login */ = {
			isa = PBXGroup;
			children = (
				E8CB6571288E67B30076E254 /* View */,
				E8CB6572288E67B80076E254 /* ViewModel */,
			);
			path = Login;
			sourceTree = "<group>";
		};
		E8CFBCD0288F79B700D63B07 /* MainScene */ = {
			isa = PBXGroup;
			children = (
				E8CFBCD1288F79C300D63B07 /* Flow */,
				E8CFBCD2288F79E000D63B07 /* Home */,
				0AF43086288FD82F0078B2D5 /* Applicant */,
				0AF4308F288FDC5B0078B2D5 /* Record */,
				E8CFBCDD288F873300D63B07 /* MyPage */,
			);
			path = MainScene;
			sourceTree = "<group>";
		};
		E8CFBCD1288F79C300D63B07 /* Flow */ = {
			isa = PBXGroup;
			children = (
				E8CFBCDB288F7D0900D63B07 /* MainCoordinator.swift */,
				E8CFBCD7288F7A9C00D63B07 /* HomeCoordinator.swift */,
				0AF43089288FD8800078B2D5 /* ApplicantCoordinator.swift */,
				0AF4308D288FDC230078B2D5 /* RecordCoordinator.swift */,
				E8CFBCE2288F876400D63B07 /* MyPageCoordinator.swift */,
			);
			path = Flow;
			sourceTree = "<group>";
		};
		E8CFBCD2288F79E000D63B07 /* Home */ = {
			isa = PBXGroup;
			children = (
				E8CFBCD4288F7A0400D63B07 /* View */,
				E8CFBCD3288F79FD00D63B07 /* ViewModel */,
			);
			path = Home;
			sourceTree = "<group>";
		};
		E8CFBCD3288F79FD00D63B07 /* ViewModel */ = {
			isa = PBXGroup;
			children = (
			);
			path = ViewModel;
			sourceTree = "<group>";
		};
		E8CFBCD4288F7A0400D63B07 /* View */ = {
			isa = PBXGroup;
			children = (
				E8CFBCD9288F7B4800D63B07 /* HomeVC.swift */,
			);
			path = View;
			sourceTree = "<group>";
		};
		E8CFBCDD288F873300D63B07 /* MyPage */ = {
			isa = PBXGroup;
			children = (
				E8B443F628A23DFC0003815B /* MyPage */,
				ECBA27AD28A4DCF10034A751 /* MyPageModify */,
				E8B443F728A23E050003815B /* MyPageSet */,
				E81E41DD28BDF4BD0094CFD9 /* DeleteAccount */,
			);
			path = MyPage;
			sourceTree = "<group>";
		};
		E8CFBCDE288F873C00D63B07 /* ViewModel */ = {
			isa = PBXGroup;
			children = (
			);
			path = ViewModel;
			sourceTree = "<group>";
		};
		E8CFBCDF288F874000D63B07 /* View */ = {
			isa = PBXGroup;
			children = (
				E8CFBCE0288F874C00D63B07 /* MyPageVC.swift */,
			);
			path = View;
			sourceTree = "<group>";
		};
		E8CFBCE6288FCF4900D63B07 /* Extension */ = {
			isa = PBXGroup;
			children = (
				E8CFBCE9288FDB9C00D63B07 /* UIView+.swift */,
				E8CE19E1289CE08C007A56FE /* UIButton+.swift */,
				E8B4435928A103570003815B /* UILabel+.swift */,
				E8B443FE28A255D30003815B /* CALayer+.swift */,
				E8B444AE28B316FE0003815B /* UIColor+.swift */,
				E8B444D728B759B20003815B /* String+.swift */,
			);
			path = Extension;
			sourceTree = "<group>";
		};
		E8CFBCEB288FDDC800D63B07 /* DesignSystem */ = {
			isa = PBXGroup;
			children = (
				E8B444A328AE2A9E0003815B /* Components */,
				E8A7954B289CCA8500EF9E1B /* Color */,
				E8A7953B289CB2BC00EF9E1B /* Font */,
				E8CE19E3289CE15E007A56FE /* Const.swift */,
				E81E41E628BEF5190094CFD9 /* PopupMessage.swift */,
			);
			path = DesignSystem;
			sourceTree = "<group>";
		};
		ECBA27AD28A4DCF10034A751 /* MyPageModify */ = {
			isa = PBXGroup;
			children = (
				ECBA27AF28A4DD050034A751 /* View */,
				ECBA27AE28A4DD010034A751 /* ViewModel */,
			);
			path = MyPageModify;
			sourceTree = "<group>";
		};
		ECBA27AE28A4DD010034A751 /* ViewModel */ = {
			isa = PBXGroup;
			children = (
				E81E41DB28BDCBEC0094CFD9 /* MyPageModifyViewModel.swift */,
			);
			path = ViewModel;
			sourceTree = "<group>";
		};
		ECBA27AF28A4DD050034A751 /* View */ = {
			isa = PBXGroup;
			children = (
				ECBA27B028A4DD0E0034A751 /* MyPageModifyVC.swift */,
			);
			path = View;
			sourceTree = "<group>";
		};
		EFE54EE7D3D04F3932FBA642 /* Pods */ = {
			isa = PBXGroup;
			children = (
				47C5C925F8CF8A111AFD7E1E /* Pods-GoodListener.debug.xcconfig */,
				0F1AC0E77A46575A9E243914 /* Pods-GoodListener.release.xcconfig */,
			);
			path = Pods;
			sourceTree = "<group>";
		};
/* End PBXGroup section */

/* Begin PBXNativeTarget section */
		0ABA281C288D5B55000D889B /* GoodListener */ = {
			isa = PBXNativeTarget;
			buildConfigurationList = 0ABA2831288D5B56000D889B /* Build configuration list for PBXNativeTarget "GoodListener" */;
			buildPhases = (
				F739DBDAE006AF88662159BB /* [CP] Check Pods Manifest.lock */,
				0ABA2819288D5B55000D889B /* Sources */,
				0ABA281A288D5B55000D889B /* Frameworks */,
				0ABA281B288D5B55000D889B /* Resources */,
				CE8869A3D7F8FEB048317965 /* [CP] Embed Pods Frameworks */,
			);
			buildRules = (
			);
			dependencies = (
			);
			name = GoodListener;
			productName = GoodListener;
			productReference = 0ABA281D288D5B55000D889B /* GoodListener.app */;
			productType = "com.apple.product-type.application";
		};
/* End PBXNativeTarget section */

/* Begin PBXProject section */
		0ABA2815288D5B55000D889B /* Project object */ = {
			isa = PBXProject;
			attributes = {
				BuildIndependentTargetsInParallel = 1;
				LastSwiftUpdateCheck = 1340;
				LastUpgradeCheck = 1340;
				TargetAttributes = {
					0ABA281C288D5B55000D889B = {
						CreatedOnToolsVersion = 13.4;
					};
				};
			};
			buildConfigurationList = 0ABA2818288D5B55000D889B /* Build configuration list for PBXProject "GoodListener" */;
			compatibilityVersion = "Xcode 13.0";
			developmentRegion = en;
			hasScannedForEncodings = 0;
			knownRegions = (
				en,
				Base,
				ko,
			);
			mainGroup = 0ABA2814288D5B55000D889B;
			productRefGroup = 0ABA281E288D5B55000D889B /* Products */;
			projectDirPath = "";
			projectRoot = "";
			targets = (
				0ABA281C288D5B55000D889B /* GoodListener */,
			);
		};
/* End PBXProject section */

/* Begin PBXResourcesBuildPhase section */
		0ABA281B288D5B55000D889B /* Resources */ = {
			isa = PBXResourcesBuildPhase;
			buildActionMask = 2147483647;
			files = (
				E8A7954A289CC9CA00EF9E1B /* NotoSansKR-Regular.otf in Resources */,
				E8B444D128B759300003815B /* Localizable.strings in Resources */,
				E8A79548289CC9CA00EF9E1B /* NotoSansKR-Black.otf in Resources */,
				0ABA282D288D5B56000D889B /* LaunchScreen.storyboard in Resources */,
				E8A79549289CC9CA00EF9E1B /* NotoSansKR-Medium.otf in Resources */,
				E8A79546289CC9CA00EF9E1B /* NotoSansKR-Thin.otf in Resources */,
				E8A79552289CD71000EF9E1B /* GoogleService-Info.plist in Resources */,
				E8A79544289CC9CA00EF9E1B /* NotoSansKR-Light.otf in Resources */,
				0ABA282A288D5B56000D889B /* Assets.xcassets in Resources */,
				E8A79545289CC9CA00EF9E1B /* NotoSansKR-Bold.otf in Resources */,
				E8A79547289CC9CA00EF9E1B /* OFL.txt in Resources */,
				0ABA2828288D5B55000D889B /* Main.storyboard in Resources */,
			);
			runOnlyForDeploymentPostprocessing = 0;
		};
/* End PBXResourcesBuildPhase section */

/* Begin PBXShellScriptBuildPhase section */
		CE8869A3D7F8FEB048317965 /* [CP] Embed Pods Frameworks */ = {
			isa = PBXShellScriptBuildPhase;
			buildActionMask = 2147483647;
			files = (
			);
			inputFileListPaths = (
				"${PODS_ROOT}/Target Support Files/Pods-GoodListener/Pods-GoodListener-frameworks-${CONFIGURATION}-input-files.xcfilelist",
			);
			name = "[CP] Embed Pods Frameworks";
			outputFileListPaths = (
				"${PODS_ROOT}/Target Support Files/Pods-GoodListener/Pods-GoodListener-frameworks-${CONFIGURATION}-output-files.xcfilelist",
			);
			runOnlyForDeploymentPostprocessing = 0;
			shellPath = /bin/sh;
			shellScript = "\"${PODS_ROOT}/Target Support Files/Pods-GoodListener/Pods-GoodListener-frameworks.sh\"\n";
			showEnvVarsInLog = 0;
		};
		F739DBDAE006AF88662159BB /* [CP] Check Pods Manifest.lock */ = {
			isa = PBXShellScriptBuildPhase;
			buildActionMask = 2147483647;
			files = (
			);
			inputFileListPaths = (
			);
			inputPaths = (
				"${PODS_PODFILE_DIR_PATH}/Podfile.lock",
				"${PODS_ROOT}/Manifest.lock",
			);
			name = "[CP] Check Pods Manifest.lock";
			outputFileListPaths = (
			);
			outputPaths = (
				"$(DERIVED_FILE_DIR)/Pods-GoodListener-checkManifestLockResult.txt",
			);
			runOnlyForDeploymentPostprocessing = 0;
			shellPath = /bin/sh;
			shellScript = "diff \"${PODS_PODFILE_DIR_PATH}/Podfile.lock\" \"${PODS_ROOT}/Manifest.lock\" > /dev/null\nif [ $? != 0 ] ; then\n    # print error to STDERR\n    echo \"error: The sandbox is not in sync with the Podfile.lock. Run 'pod install' or update your CocoaPods installation.\" >&2\n    exit 1\nfi\n# This output is used by Xcode 'outputs' to avoid re-running this script phase.\necho \"SUCCESS\" > \"${SCRIPT_OUTPUT_FILE_0}\"\n";
			showEnvVarsInLog = 0;
		};
/* End PBXShellScriptBuildPhase section */

/* Begin PBXSourcesBuildPhase section */
		0ABA2819288D5B55000D889B /* Sources */ = {
			isa = PBXSourcesBuildPhase;
			buildActionMask = 2147483647;
			files = (
				E8C3320D289366DF00ECE59C /* LoginViewModel.swift in Sources */,
				E8B444BC28B4B4990003815B /* CallReviewViewModel.swift in Sources */,
				0A558A3A28B61E02001949D6 /* JoinMatchVC.swift in Sources */,
				E8CFBCC4288F6DA000D63B07 /* CoordinatorType.swift in Sources */,
				0ABA2825288D5B55000D889B /* LoginVC.swift in Sources */,
				0A350B7D28BC5DD800EC83DA /* RecordBgCell.swift in Sources */,
				0A703B572896B4DC00A05124 /* ErrorPayLoad.swift in Sources */,
				E81E41E528BE0B1B0094CFD9 /* DeleteAccountViewModel.swift in Sources */,
				E8B4449A28ADC8620003815B /* UserInfo.swift in Sources */,
				E8B4435128A0E8540003815B /* PersonalInfoVC.swift in Sources */,
				E81E41F528BF2FE80094CFD9 /* CustomTabBarController.swift in Sources */,
				E8CFBCEA288FDB9C00D63B07 /* UIView+.swift in Sources */,
				0A558A4828B61F36001949D6 /* GLTwoButton.swift in Sources */,
				E8B443FB28A23E5B0003815B /* MyPageSetVC.swift in Sources */,
				E8B444B228B338710003815B /* SwipeButton.swift in Sources */,
				E8B444A928AF55E00003815B /* TokenAPI.swift in Sources */,
				E8B443F528A22ABD0003815B /* CallReviewVC.swift in Sources */,
				0A703B532896AB8300A05124 /* UserAPI.swift in Sources */,
				E8CFBCCF288F73AB00D63B07 /* AppCoordinator.swift in Sources */,
				0ABA2821288D5B55000D889B /* AppDelegate.swift in Sources */,
				ECBA27B528A4DF970034A751 /* TagView.swift in Sources */,
				E8B443FD28A243CC0003815B /* NavigationView.swift in Sources */,
				E8B444A528AE2AAD0003815B /* GLPopup.swift in Sources */,
				0A558A4028B61E62001949D6 /* TimeView.swift in Sources */,
				E8A79554289CDA7700EF9E1B /* GLButton.swift in Sources */,
				E8B444AF28B316FE0003815B /* UIColor+.swift in Sources */,
				E8B443FF28A255D30003815B /* CALayer+.swift in Sources */,
				E8B4449C28ADF20B0003815B /* ProfileImageSelectView.swift in Sources */,
				0A703B592896BC5E00A05124 /* WeatherInfo.swift in Sources */,
				E8CFBCDC288F7D0900D63B07 /* MainCoordinator.swift in Sources */,
				0A558A3728B61DCE001949D6 /* JoinCoordinator.swift in Sources */,
				E8C3320928925F3400ECE59C /* CallVC.swift in Sources */,
				0AF4308A288FD8800078B2D5 /* ApplicantCoordinator.swift in Sources */,
				E8CE19E4289CE15E007A56FE /* Const.swift in Sources */,
				0AF43093288FDC850078B2D5 /* RecordVC.swift in Sources */,
				0A558A4428B61F25001949D6 /* EmojiTagFlowLayout.swift in Sources */,
				E81E41E728BEF5190094CFD9 /* PopupMessage.swift in Sources */,
				E845494B28BC4CB600DAD6EE /* GLTextField.swift in Sources */,
				E8B4449828ACDF890003815B /* PersonalInfoViewModel.swift in Sources */,
				E8D09854289A6C4D008AD55F /* SocketManager.swift in Sources */,
				E8B444CD28B730CE0003815B /* GLTextView.swift in Sources */,
				E8CB6566288E35090076E254 /* Log.swift in Sources */,
				0AF4308E288FDC230078B2D5 /* RecordCoordinator.swift in Sources */,
				E845494F28BC553500DAD6EE /* TermsOfService.swift in Sources */,
				E8CFBCD8288F7A9C00D63B07 /* HomeCoordinator.swift in Sources */,
				E8B443EF28A2273E0003815B /* CallCoordinator.swift in Sources */,
				0AF4308C288FD8E90078B2D5 /* ApplicantVC.swift in Sources */,
				E8C3320B289265F400ECE59C /* CallManager.swift in Sources */,
				ECBA27B728A4E0B60034A751 /* TagCell.swift in Sources */,
				E8CB6568288E359A0076E254 /* ViewModelType.swift in Sources */,
				E8B444D828B759B20003815B /* String+.swift in Sources */,
				E8CE19E2289CE08C007A56FE /* UIButton+.swift in Sources */,
				E8A7954D289CCC4700EF9E1B /* Colors.swift in Sources */,
				0A558A3C28B61E28001949D6 /* JoinVC.swift in Sources */,
				E845494E28BC553500DAD6EE /* TermsOfServicePopup.swift in Sources */,
				E8CB6574288E6B130076E254 /* SnapKitType.swift in Sources */,
				0A558A4228B61ED6001949D6 /* EmojiTagCell.swift in Sources */,
				E81E41DC28BDCBEC0094CFD9 /* MyPageModifyViewModel.swift in Sources */,
				E8B444B528B36D1A0003815B /* MoodCell.swift in Sources */,
				ECBA27B928A4FCEE0034A751 /* TagCollectionViewLayout.swift in Sources */,
				E81E41E128BDF5840094CFD9 /* DeleteAccountVC.swift in Sources */,
				E8CFBCE3288F876400D63B07 /* MyPageCoordinator.swift in Sources */,
				E8B444B728B3723A0003815B /* MoodView.swift in Sources */,
				E8B4449628ACC7AD0003815B /* UserDefaultsManager.swift in Sources */,
				0A350B8928BCA63500EC83DA /* RecordCollectionView.swift in Sources */,
				E8CFBCC7288F6DE900D63B07 /* LoginCoordinator.swift in Sources */,
				E8B4449228ACB6610003815B /* NetworkConstant.swift in Sources */,
				E8B444A228AE1BE40003815B /* ProfileSetupViewModel.swift in Sources */,
				E8CFBCE1288F874C00D63B07 /* MyPageVC.swift in Sources */,
				E81E41E328BDF8540094CFD9 /* CheckBox.swift in Sources */,
				E8B4449E28ADF4AD0003815B /* ProfileImageSelectCell.swift in Sources */,
				E8CFBCDA288F7B4800D63B07 /* HomeVC.swift in Sources */,
				E8B444B928B4A2680003815B /* CallViewModel.swift in Sources */,
				0A558A3E28B61E44001949D6 /* TimeCell.swift in Sources */,
				E8A7953A289CB28000EF9E1B /* FontManager.swift in Sources */,
				E8B4435A28A103570003815B /* UILabel+.swift in Sources */,
				E845495428BC7F0100DAD6EE /* SignInModel.swift in Sources */,
				0A558A4628B61F2A001949D6 /* EmojiTagView.swift in Sources */,
				E8B4435828A0EADD0003815B /* ProfileSetupVC.swift in Sources */,
				0ABA2823288D5B55000D889B /* SceneDelegate.swift in Sources */,
				ECBA27B128A4DD0E0034A751 /* MyPageModifyVC.swift in Sources */,
				0A350B8728BCA56C00EC83DA /* RecordContenttCell.swift in Sources */,
				ECBA27B128A4DD0E0034A751 /* MyPageTagVC.swift in Sources */,
			);
			runOnlyForDeploymentPostprocessing = 0;
		};
/* End PBXSourcesBuildPhase section */

/* Begin PBXVariantGroup section */
		0ABA2826288D5B55000D889B /* Main.storyboard */ = {
			isa = PBXVariantGroup;
			children = (
				0ABA2827288D5B55000D889B /* Base */,
				E8B444D428B759810003815B /* ko */,
			);
			name = Main.storyboard;
			sourceTree = "<group>";
		};
		0ABA282B288D5B56000D889B /* LaunchScreen.storyboard */ = {
			isa = PBXVariantGroup;
			children = (
				0ABA282C288D5B56000D889B /* Base */,
				E8B444D528B759810003815B /* ko */,
			);
			name = LaunchScreen.storyboard;
			sourceTree = "<group>";
		};
		E8B444D328B759300003815B /* Localizable.strings */ = {
			isa = PBXVariantGroup;
			children = (
				E8B444D228B759300003815B /* en */,
				E8B444D628B759810003815B /* ko */,
			);
			name = Localizable.strings;
			sourceTree = "<group>";
		};
/* End PBXVariantGroup section */

/* Begin XCBuildConfiguration section */
		0ABA282F288D5B56000D889B /* Debug */ = {
			isa = XCBuildConfiguration;
			buildSettings = {
				ALWAYS_SEARCH_USER_PATHS = NO;
				CLANG_ANALYZER_LOCALIZABILITY_NONLOCALIZED = YES;
				CLANG_ANALYZER_NONNULL = YES;
				CLANG_ANALYZER_NUMBER_OBJECT_CONVERSION = YES_AGGRESSIVE;
				CLANG_CXX_LANGUAGE_STANDARD = "gnu++17";
				CLANG_ENABLE_MODULES = YES;
				CLANG_ENABLE_OBJC_ARC = YES;
				CLANG_ENABLE_OBJC_WEAK = YES;
				CLANG_WARN_BLOCK_CAPTURE_AUTORELEASING = YES;
				CLANG_WARN_BOOL_CONVERSION = YES;
				CLANG_WARN_COMMA = YES;
				CLANG_WARN_CONSTANT_CONVERSION = YES;
				CLANG_WARN_DEPRECATED_OBJC_IMPLEMENTATIONS = YES;
				CLANG_WARN_DIRECT_OBJC_ISA_USAGE = YES_ERROR;
				CLANG_WARN_DOCUMENTATION_COMMENTS = YES;
				CLANG_WARN_EMPTY_BODY = YES;
				CLANG_WARN_ENUM_CONVERSION = YES;
				CLANG_WARN_INFINITE_RECURSION = YES;
				CLANG_WARN_INT_CONVERSION = YES;
				CLANG_WARN_NON_LITERAL_NULL_CONVERSION = YES;
				CLANG_WARN_OBJC_IMPLICIT_RETAIN_SELF = YES;
				CLANG_WARN_OBJC_LITERAL_CONVERSION = YES;
				CLANG_WARN_OBJC_ROOT_CLASS = YES_ERROR;
				CLANG_WARN_QUOTED_INCLUDE_IN_FRAMEWORK_HEADER = YES;
				CLANG_WARN_RANGE_LOOP_ANALYSIS = YES;
				CLANG_WARN_STRICT_PROTOTYPES = YES;
				CLANG_WARN_SUSPICIOUS_MOVE = YES;
				CLANG_WARN_UNGUARDED_AVAILABILITY = YES_AGGRESSIVE;
				CLANG_WARN_UNREACHABLE_CODE = YES;
				CLANG_WARN__DUPLICATE_METHOD_MATCH = YES;
				COPY_PHASE_STRIP = NO;
				DEBUG_INFORMATION_FORMAT = dwarf;
				ENABLE_STRICT_OBJC_MSGSEND = YES;
				ENABLE_TESTABILITY = YES;
				GCC_C_LANGUAGE_STANDARD = gnu11;
				GCC_DYNAMIC_NO_PIC = NO;
				GCC_NO_COMMON_BLOCKS = YES;
				GCC_OPTIMIZATION_LEVEL = 0;
				GCC_PREPROCESSOR_DEFINITIONS = (
					"DEBUG=1",
					"$(inherited)",
				);
				GCC_WARN_64_TO_32_BIT_CONVERSION = YES;
				GCC_WARN_ABOUT_RETURN_TYPE = YES_ERROR;
				GCC_WARN_UNDECLARED_SELECTOR = YES;
				GCC_WARN_UNINITIALIZED_AUTOS = YES_AGGRESSIVE;
				GCC_WARN_UNUSED_FUNCTION = YES;
				GCC_WARN_UNUSED_VARIABLE = YES;
				IPHONEOS_DEPLOYMENT_TARGET = 15.5;
				MTL_ENABLE_DEBUG_INFO = INCLUDE_SOURCE;
				MTL_FAST_MATH = YES;
				ONLY_ACTIVE_ARCH = YES;
				SDKROOT = iphoneos;
				SWIFT_ACTIVE_COMPILATION_CONDITIONS = DEBUG;
				SWIFT_OPTIMIZATION_LEVEL = "-Onone";
			};
			name = Debug;
		};
		0ABA2830288D5B56000D889B /* Release */ = {
			isa = XCBuildConfiguration;
			buildSettings = {
				ALWAYS_SEARCH_USER_PATHS = NO;
				CLANG_ANALYZER_LOCALIZABILITY_NONLOCALIZED = YES;
				CLANG_ANALYZER_NONNULL = YES;
				CLANG_ANALYZER_NUMBER_OBJECT_CONVERSION = YES_AGGRESSIVE;
				CLANG_CXX_LANGUAGE_STANDARD = "gnu++17";
				CLANG_ENABLE_MODULES = YES;
				CLANG_ENABLE_OBJC_ARC = YES;
				CLANG_ENABLE_OBJC_WEAK = YES;
				CLANG_WARN_BLOCK_CAPTURE_AUTORELEASING = YES;
				CLANG_WARN_BOOL_CONVERSION = YES;
				CLANG_WARN_COMMA = YES;
				CLANG_WARN_CONSTANT_CONVERSION = YES;
				CLANG_WARN_DEPRECATED_OBJC_IMPLEMENTATIONS = YES;
				CLANG_WARN_DIRECT_OBJC_ISA_USAGE = YES_ERROR;
				CLANG_WARN_DOCUMENTATION_COMMENTS = YES;
				CLANG_WARN_EMPTY_BODY = YES;
				CLANG_WARN_ENUM_CONVERSION = YES;
				CLANG_WARN_INFINITE_RECURSION = YES;
				CLANG_WARN_INT_CONVERSION = YES;
				CLANG_WARN_NON_LITERAL_NULL_CONVERSION = YES;
				CLANG_WARN_OBJC_IMPLICIT_RETAIN_SELF = YES;
				CLANG_WARN_OBJC_LITERAL_CONVERSION = YES;
				CLANG_WARN_OBJC_ROOT_CLASS = YES_ERROR;
				CLANG_WARN_QUOTED_INCLUDE_IN_FRAMEWORK_HEADER = YES;
				CLANG_WARN_RANGE_LOOP_ANALYSIS = YES;
				CLANG_WARN_STRICT_PROTOTYPES = YES;
				CLANG_WARN_SUSPICIOUS_MOVE = YES;
				CLANG_WARN_UNGUARDED_AVAILABILITY = YES_AGGRESSIVE;
				CLANG_WARN_UNREACHABLE_CODE = YES;
				CLANG_WARN__DUPLICATE_METHOD_MATCH = YES;
				COPY_PHASE_STRIP = NO;
				DEBUG_INFORMATION_FORMAT = "dwarf-with-dsym";
				ENABLE_NS_ASSERTIONS = NO;
				ENABLE_STRICT_OBJC_MSGSEND = YES;
				GCC_C_LANGUAGE_STANDARD = gnu11;
				GCC_NO_COMMON_BLOCKS = YES;
				GCC_WARN_64_TO_32_BIT_CONVERSION = YES;
				GCC_WARN_ABOUT_RETURN_TYPE = YES_ERROR;
				GCC_WARN_UNDECLARED_SELECTOR = YES;
				GCC_WARN_UNINITIALIZED_AUTOS = YES_AGGRESSIVE;
				GCC_WARN_UNUSED_FUNCTION = YES;
				GCC_WARN_UNUSED_VARIABLE = YES;
				IPHONEOS_DEPLOYMENT_TARGET = 15.5;
				MTL_ENABLE_DEBUG_INFO = NO;
				MTL_FAST_MATH = YES;
				SDKROOT = iphoneos;
				SWIFT_COMPILATION_MODE = wholemodule;
				SWIFT_OPTIMIZATION_LEVEL = "-O";
				VALIDATE_PRODUCT = YES;
			};
			name = Release;
		};
		0ABA2832288D5B56000D889B /* Debug */ = {
			isa = XCBuildConfiguration;
			baseConfigurationReference = 47C5C925F8CF8A111AFD7E1E /* Pods-GoodListener.debug.xcconfig */;
			buildSettings = {
				ASSETCATALOG_COMPILER_APPICON_NAME = AppIcon;
				ASSETCATALOG_COMPILER_GLOBAL_ACCENT_COLOR_NAME = AccentColor;
				CODE_SIGN_ENTITLEMENTS = GoodListener/GoodListener.entitlements;
				CODE_SIGN_IDENTITY = "Apple Development";
				CODE_SIGN_STYLE = Automatic;
				CURRENT_PROJECT_VERSION = 2;
				DEVELOPMENT_TEAM = XQ24HP64B3;
				GENERATE_INFOPLIST_FILE = YES;
				INFOPLIST_FILE = GoodListener/Resources/Info.plist;
				INFOPLIST_KEY_NSMicrophoneUsageDescription = "Microphone required";
				INFOPLIST_KEY_NSPhotoLibraryUsageDescription = "사진 앨범에 접근하도록 허용 버튼을 눌러주세요";
				INFOPLIST_KEY_UIApplicationSupportsIndirectInputEvents = YES;
				INFOPLIST_KEY_UILaunchStoryboardName = LaunchScreen;
				INFOPLIST_KEY_UIMainStoryboardFile = Main;
				INFOPLIST_KEY_UISupportedInterfaceOrientations_iPad = "UIInterfaceOrientationPortrait UIInterfaceOrientationPortraitUpsideDown UIInterfaceOrientationLandscapeLeft UIInterfaceOrientationLandscapeRight";
				INFOPLIST_KEY_UISupportedInterfaceOrientations_iPhone = "UIInterfaceOrientationPortrait UIInterfaceOrientationLandscapeLeft UIInterfaceOrientationLandscapeRight";
				IPHONEOS_DEPLOYMENT_TARGET = 13.0;
				LD_RUNPATH_SEARCH_PATHS = (
					"$(inherited)",
					"@executable_path/Frameworks",
				);
				MARKETING_VERSION = 1.0.0;
				PRODUCT_BUNDLE_IDENTIFIER = "com.heelpass.good-listener";
				PRODUCT_NAME = "$(TARGET_NAME)";
				PROVISIONING_PROFILE_SPECIFIER = "";
				SWIFT_EMIT_LOC_STRINGS = YES;
				SWIFT_VERSION = 5.0;
				TARGETED_DEVICE_FAMILY = 1;
			};
			name = Debug;
		};
		0ABA2833288D5B56000D889B /* Release */ = {
			isa = XCBuildConfiguration;
			baseConfigurationReference = 0F1AC0E77A46575A9E243914 /* Pods-GoodListener.release.xcconfig */;
			buildSettings = {
				ASSETCATALOG_COMPILER_APPICON_NAME = AppIcon;
				ASSETCATALOG_COMPILER_GLOBAL_ACCENT_COLOR_NAME = AccentColor;
				CODE_SIGN_ENTITLEMENTS = GoodListener/GoodListenerRelease.entitlements;
				CODE_SIGN_IDENTITY = "Apple Development";
				CODE_SIGN_STYLE = Automatic;
				CURRENT_PROJECT_VERSION = 2;
				DEVELOPMENT_TEAM = XQ24HP64B3;
				GENERATE_INFOPLIST_FILE = YES;
				INFOPLIST_FILE = GoodListener/Resources/Info.plist;
				INFOPLIST_KEY_NSMicrophoneUsageDescription = "Microphone required";
				INFOPLIST_KEY_NSPhotoLibraryUsageDescription = "사진 앨범에 접근하도록 허용 버튼을 눌러주세요";
				INFOPLIST_KEY_UIApplicationSupportsIndirectInputEvents = YES;
				INFOPLIST_KEY_UILaunchStoryboardName = LaunchScreen;
				INFOPLIST_KEY_UIMainStoryboardFile = Main;
				INFOPLIST_KEY_UISupportedInterfaceOrientations_iPad = "UIInterfaceOrientationPortrait UIInterfaceOrientationPortraitUpsideDown UIInterfaceOrientationLandscapeLeft UIInterfaceOrientationLandscapeRight";
				INFOPLIST_KEY_UISupportedInterfaceOrientations_iPhone = "UIInterfaceOrientationPortrait UIInterfaceOrientationLandscapeLeft UIInterfaceOrientationLandscapeRight";
				IPHONEOS_DEPLOYMENT_TARGET = 13.0;
				LD_RUNPATH_SEARCH_PATHS = (
					"$(inherited)",
					"@executable_path/Frameworks",
				);
				MARKETING_VERSION = 1.0.0;
				PRODUCT_BUNDLE_IDENTIFIER = "com.heelpass.good-listener";
				PRODUCT_NAME = "$(TARGET_NAME)";
				PROVISIONING_PROFILE_SPECIFIER = "";
				SWIFT_EMIT_LOC_STRINGS = YES;
				SWIFT_VERSION = 5.0;
				TARGETED_DEVICE_FAMILY = 1;
			};
			name = Release;
		};
/* End XCBuildConfiguration section */

/* Begin XCConfigurationList section */
		0ABA2818288D5B55000D889B /* Build configuration list for PBXProject "GoodListener" */ = {
			isa = XCConfigurationList;
			buildConfigurations = (
				0ABA282F288D5B56000D889B /* Debug */,
				0ABA2830288D5B56000D889B /* Release */,
			);
			defaultConfigurationIsVisible = 0;
			defaultConfigurationName = Release;
		};
		0ABA2831288D5B56000D889B /* Build configuration list for PBXNativeTarget "GoodListener" */ = {
			isa = XCConfigurationList;
			buildConfigurations = (
				0ABA2832288D5B56000D889B /* Debug */,
				0ABA2833288D5B56000D889B /* Release */,
			);
			defaultConfigurationIsVisible = 0;
			defaultConfigurationName = Release;
		};
/* End XCConfigurationList section */
	};
	rootObject = 0ABA2815288D5B55000D889B /* Project object */;
}
