// !$*UTF8*$!
{
	archiveVersion = 1;
	classes = {
	};
	objectVersion = 55;
	objects = {

/* Begin PBXBuildFile section */
		0ABA2821288D5B55000D889B /* AppDelegate.swift in Sources */ = {isa = PBXBuildFile; fileRef = 0ABA2820288D5B55000D889B /* AppDelegate.swift */; };
		0ABA2823288D5B55000D889B /* SceneDelegate.swift in Sources */ = {isa = PBXBuildFile; fileRef = 0ABA2822288D5B55000D889B /* SceneDelegate.swift */; };
		0ABA2825288D5B55000D889B /* LoginViewController.swift in Sources */ = {isa = PBXBuildFile; fileRef = 0ABA2824288D5B55000D889B /* LoginViewController.swift */; };
		0ABA2828288D5B55000D889B /* Main.storyboard in Resources */ = {isa = PBXBuildFile; fileRef = 0ABA2826288D5B55000D889B /* Main.storyboard */; };
		0ABA282A288D5B56000D889B /* Assets.xcassets in Resources */ = {isa = PBXBuildFile; fileRef = 0ABA2829288D5B56000D889B /* Assets.xcassets */; };
		0ABA282D288D5B56000D889B /* LaunchScreen.storyboard in Resources */ = {isa = PBXBuildFile; fileRef = 0ABA282B288D5B56000D889B /* LaunchScreen.storyboard */; };
		73B35A699773E2A2848FCE3D /* Pods_GoodListener.framework in Frameworks */ = {isa = PBXBuildFile; fileRef = 5450741D5E8F8D9D306A0E69 /* Pods_GoodListener.framework */; };
		E8CB6566288E35090076E254 /* Log.swift in Sources */ = {isa = PBXBuildFile; fileRef = E8CB6565288E35090076E254 /* Log.swift */; };
		E8CB6568288E359A0076E254 /* ViewModelType.swift in Sources */ = {isa = PBXBuildFile; fileRef = E8CB6567288E359A0076E254 /* ViewModelType.swift */; };
		E8CB6574288E6B130076E254 /* SnapKitType.swift in Sources */ = {isa = PBXBuildFile; fileRef = E8CB6573288E6B130076E254 /* SnapKitType.swift */; };
/* End PBXBuildFile section */

/* Begin PBXFileReference section */
		0ABA281D288D5B55000D889B /* GoodListener.app */ = {isa = PBXFileReference; explicitFileType = wrapper.application; includeInIndex = 0; path = GoodListener.app; sourceTree = BUILT_PRODUCTS_DIR; };
		0ABA2820288D5B55000D889B /* AppDelegate.swift */ = {isa = PBXFileReference; lastKnownFileType = sourcecode.swift; path = AppDelegate.swift; sourceTree = "<group>"; };
		0ABA2822288D5B55000D889B /* SceneDelegate.swift */ = {isa = PBXFileReference; lastKnownFileType = sourcecode.swift; path = SceneDelegate.swift; sourceTree = "<group>"; };
		0ABA2824288D5B55000D889B /* LoginViewController.swift */ = {isa = PBXFileReference; lastKnownFileType = sourcecode.swift; path = LoginViewController.swift; sourceTree = "<group>"; };
		0ABA2827288D5B55000D889B /* Base */ = {isa = PBXFileReference; lastKnownFileType = file.storyboard; name = Base; path = Base.lproj/Main.storyboard; sourceTree = "<group>"; };
		0ABA2829288D5B56000D889B /* Assets.xcassets */ = {isa = PBXFileReference; lastKnownFileType = folder.assetcatalog; path = Assets.xcassets; sourceTree = "<group>"; };
		0ABA282C288D5B56000D889B /* Base */ = {isa = PBXFileReference; lastKnownFileType = file.storyboard; name = Base; path = Base.lproj/LaunchScreen.storyboard; sourceTree = "<group>"; };
		0F1AC0E77A46575A9E243914 /* Pods-GoodListener.release.xcconfig */ = {isa = PBXFileReference; includeInIndex = 1; lastKnownFileType = text.xcconfig; name = "Pods-GoodListener.release.xcconfig"; path = "Target Support Files/Pods-GoodListener/Pods-GoodListener.release.xcconfig"; sourceTree = "<group>"; };
		47C5C925F8CF8A111AFD7E1E /* Pods-GoodListener.debug.xcconfig */ = {isa = PBXFileReference; includeInIndex = 1; lastKnownFileType = text.xcconfig; name = "Pods-GoodListener.debug.xcconfig"; path = "Target Support Files/Pods-GoodListener/Pods-GoodListener.debug.xcconfig"; sourceTree = "<group>"; };
		5450741D5E8F8D9D306A0E69 /* Pods_GoodListener.framework */ = {isa = PBXFileReference; explicitFileType = wrapper.framework; includeInIndex = 0; path = Pods_GoodListener.framework; sourceTree = BUILT_PRODUCTS_DIR; };
		E83BD7FD288E7165006B98B2 /* Info.plist */ = {isa = PBXFileReference; fileEncoding = 4; lastKnownFileType = text.plist.xml; path = Info.plist; sourceTree = "<group>"; };
		E8CB6565288E35090076E254 /* Log.swift */ = {isa = PBXFileReference; lastKnownFileType = sourcecode.swift; path = Log.swift; sourceTree = "<group>"; };
		E8CB6567288E359A0076E254 /* ViewModelType.swift */ = {isa = PBXFileReference; lastKnownFileType = sourcecode.swift; path = ViewModelType.swift; sourceTree = "<group>"; };
		E8CB6573288E6B130076E254 /* SnapKitType.swift */ = {isa = PBXFileReference; lastKnownFileType = sourcecode.swift; path = SnapKitType.swift; sourceTree = "<group>"; };
/* End PBXFileReference section */

/* Begin PBXFrameworksBuildPhase section */
		0ABA281A288D5B55000D889B /* Frameworks */ = {
			isa = PBXFrameworksBuildPhase;
			buildActionMask = 2147483647;
			files = (
				73B35A699773E2A2848FCE3D /* Pods_GoodListener.framework in Frameworks */,
			);
			runOnlyForDeploymentPostprocessing = 0;
		};
/* End PBXFrameworksBuildPhase section */

/* Begin PBXGroup section */
		0ABA2814288D5B55000D889B = {
			isa = PBXGroup;
			children = (
				0ABA281F288D5B55000D889B /* GoodListener */,
				0ABA281E288D5B55000D889B /* Products */,
				EFE54EE7D3D04F3932FBA642 /* Pods */,
				9E5395048E9945AE010C76B6 /* Frameworks */,
			);
			sourceTree = "<group>";
		};
		0ABA281E288D5B55000D889B /* Products */ = {
			isa = PBXGroup;
			children = (
				0ABA281D288D5B55000D889B /* GoodListener.app */,
			);
			name = Products;
			sourceTree = "<group>";
		};
		0ABA281F288D5B55000D889B /* GoodListener */ = {
			isa = PBXGroup;
			children = (
				E8CB656D288E667F0076E254 /* Presentation */,
				E8CB656C288E66780076E254 /* Domain */,
				E8CB656A288E35D40076E254 /* Support */,
				E8CB6570288E67610076E254 /* Resources */,
				E8CB6569288E35CB0076E254 /* Application */,
			);
			path = GoodListener;
			sourceTree = "<group>";
		};
		9E5395048E9945AE010C76B6 /* Frameworks */ = {
			isa = PBXGroup;
			children = (
				5450741D5E8F8D9D306A0E69 /* Pods_GoodListener.framework */,
			);
			name = Frameworks;
			sourceTree = "<group>";
		};
		E8CB6569288E35CB0076E254 /* Application */ = {
			isa = PBXGroup;
			children = (
				0ABA2820288D5B55000D889B /* AppDelegate.swift */,
				0ABA2822288D5B55000D889B /* SceneDelegate.swift */,
			);
			path = Application;
			sourceTree = "<group>";
		};
		E8CB656A288E35D40076E254 /* Support */ = {
			isa = PBXGroup;
			children = (
				E8CB6565288E35090076E254 /* Log.swift */,
			);
			path = Support;
			sourceTree = "<group>";
		};
		E8CB656B288E36420076E254 /* Interface */ = {
			isa = PBXGroup;
			children = (
				E8CB6567288E359A0076E254 /* ViewModelType.swift */,
				E8CB6573288E6B130076E254 /* SnapKitType.swift */,
			);
			path = Interface;
			sourceTree = "<group>";
		};
		E8CB656C288E66780076E254 /* Domain */ = {
			isa = PBXGroup;
			children = (
				E8CB656E288E66C30076E254 /* Entities */,
				E8CB656B288E36420076E254 /* Interface */,
			);
			path = Domain;
			sourceTree = "<group>";
		};
		E8CB656D288E667F0076E254 /* Presentation */ = {
			isa = PBXGroup;
			children = (
				E8CB656F288E67150076E254 /* Login */,
			);
			path = Presentation;
			sourceTree = "<group>";
		};
		E8CB656E288E66C30076E254 /* Entities */ = {
			isa = PBXGroup;
			children = (
			);
			path = Entities;
			sourceTree = "<group>";
		};
		E8CB656F288E67150076E254 /* Login */ = {
			isa = PBXGroup;
			children = (
				E8CB6572288E67B80076E254 /* ViewModel */,
				E8CB6571288E67B30076E254 /* View */,
			);
			path = Login;
			sourceTree = "<group>";
		};
		E8CB6570288E67610076E254 /* Resources */ = {
			isa = PBXGroup;
			children = (
				E83BD7FD288E7165006B98B2 /* Info.plist */,
				0ABA2829288D5B56000D889B /* Assets.xcassets */,
				0ABA282B288D5B56000D889B /* LaunchScreen.storyboard */,
			);
			path = Resources;
			sourceTree = "<group>";
		};
		E8CB6571288E67B30076E254 /* View */ = {
			isa = PBXGroup;
			children = (
				0ABA2824288D5B55000D889B /* LoginViewController.swift */,
				0ABA2826288D5B55000D889B /* Main.storyboard */,
			);
			path = View;
			sourceTree = "<group>";
		};
		E8CB6572288E67B80076E254 /* ViewModel */ = {
			isa = PBXGroup;
			children = (
			);
			path = ViewModel;
			sourceTree = "<group>";
		};
		EFE54EE7D3D04F3932FBA642 /* Pods */ = {
			isa = PBXGroup;
			children = (
				47C5C925F8CF8A111AFD7E1E /* Pods-GoodListener.debug.xcconfig */,
				0F1AC0E77A46575A9E243914 /* Pods-GoodListener.release.xcconfig */,
			);
			path = Pods;
			sourceTree = "<group>";
		};
/* End PBXGroup section */

/* Begin PBXNativeTarget section */
		0ABA281C288D5B55000D889B /* GoodListener */ = {
			isa = PBXNativeTarget;
			buildConfigurationList = 0ABA2831288D5B56000D889B /* Build configuration list for PBXNativeTarget "GoodListener" */;
			buildPhases = (
				F739DBDAE006AF88662159BB /* [CP] Check Pods Manifest.lock */,
				0ABA2819288D5B55000D889B /* Sources */,
				0ABA281A288D5B55000D889B /* Frameworks */,
				0ABA281B288D5B55000D889B /* Resources */,
				CE8869A3D7F8FEB048317965 /* [CP] Embed Pods Frameworks */,
			);
			buildRules = (
			);
			dependencies = (
			);
			name = GoodListener;
			productName = GoodListener;
			productReference = 0ABA281D288D5B55000D889B /* GoodListener.app */;
			productType = "com.apple.product-type.application";
		};
/* End PBXNativeTarget section */

/* Begin PBXProject section */
		0ABA2815288D5B55000D889B /* Project object */ = {
			isa = PBXProject;
			attributes = {
				BuildIndependentTargetsInParallel = 1;
				LastSwiftUpdateCheck = 1340;
				LastUpgradeCheck = 1340;
				TargetAttributes = {
					0ABA281C288D5B55000D889B = {
						CreatedOnToolsVersion = 13.4;
					};
				};
			};
			buildConfigurationList = 0ABA2818288D5B55000D889B /* Build configuration list for PBXProject "GoodListener" */;
			compatibilityVersion = "Xcode 13.0";
			developmentRegion = en;
			hasScannedForEncodings = 0;
			knownRegions = (
				en,
				Base,
			);
			mainGroup = 0ABA2814288D5B55000D889B;
			productRefGroup = 0ABA281E288D5B55000D889B /* Products */;
			projectDirPath = "";
			projectRoot = "";
			targets = (
				0ABA281C288D5B55000D889B /* GoodListener */,
			);
		};
/* End PBXProject section */

/* Begin PBXResourcesBuildPhase section */
		0ABA281B288D5B55000D889B /* Resources */ = {
			isa = PBXResourcesBuildPhase;
			buildActionMask = 2147483647;
			files = (
				0ABA282D288D5B56000D889B /* LaunchScreen.storyboard in Resources */,
				0ABA282A288D5B56000D889B /* Assets.xcassets in Resources */,
				0ABA2828288D5B55000D889B /* Main.storyboard in Resources */,
			);
			runOnlyForDeploymentPostprocessing = 0;
		};
/* End PBXResourcesBuildPhase section */

/* Begin PBXShellScriptBuildPhase section */
		CE8869A3D7F8FEB048317965 /* [CP] Embed Pods Frameworks */ = {
			isa = PBXShellScriptBuildPhase;
			buildActionMask = 2147483647;
			files = (
			);
			inputFileListPaths = (
				"${PODS_ROOT}/Target Support Files/Pods-GoodListener/Pods-GoodListener-frameworks-${CONFIGURATION}-input-files.xcfilelist",
			);
			name = "[CP] Embed Pods Frameworks";
			outputFileListPaths = (
				"${PODS_ROOT}/Target Support Files/Pods-GoodListener/Pods-GoodListener-frameworks-${CONFIGURATION}-output-files.xcfilelist",
			);
			runOnlyForDeploymentPostprocessing = 0;
			shellPath = /bin/sh;
			shellScript = "\"${PODS_ROOT}/Target Support Files/Pods-GoodListener/Pods-GoodListener-frameworks.sh\"\n";
			showEnvVarsInLog = 0;
		};
		F739DBDAE006AF88662159BB /* [CP] Check Pods Manifest.lock */ = {
			isa = PBXShellScriptBuildPhase;
			buildActionMask = 2147483647;
			files = (
			);
			inputFileListPaths = (
			);
			inputPaths = (
				"${PODS_PODFILE_DIR_PATH}/Podfile.lock",
				"${PODS_ROOT}/Manifest.lock",
			);
			name = "[CP] Check Pods Manifest.lock";
			outputFileListPaths = (
			);
			outputPaths = (
				"$(DERIVED_FILE_DIR)/Pods-GoodListener-checkManifestLockResult.txt",
			);
			runOnlyForDeploymentPostprocessing = 0;
			shellPath = /bin/sh;
			shellScript = "diff \"${PODS_PODFILE_DIR_PATH}/Podfile.lock\" \"${PODS_ROOT}/Manifest.lock\" > /dev/null\nif [ $? != 0 ] ; then\n    # print error to STDERR\n    echo \"error: The sandbox is not in sync with the Podfile.lock. Run 'pod install' or update your CocoaPods installation.\" >&2\n    exit 1\nfi\n# This output is used by Xcode 'outputs' to avoid re-running this script phase.\necho \"SUCCESS\" > \"${SCRIPT_OUTPUT_FILE_0}\"\n";
			showEnvVarsInLog = 0;
		};
/* End PBXShellScriptBuildPhase section */

/* Begin PBXSourcesBuildPhase section */
		0ABA2819288D5B55000D889B /* Sources */ = {
			isa = PBXSourcesBuildPhase;
			buildActionMask = 2147483647;
			files = (
				0ABA2825288D5B55000D889B /* LoginViewController.swift in Sources */,
				0ABA2821288D5B55000D889B /* AppDelegate.swift in Sources */,
				E8CB6566288E35090076E254 /* Log.swift in Sources */,
				E8CB6568288E359A0076E254 /* ViewModelType.swift in Sources */,
				E8CB6574288E6B130076E254 /* SnapKitType.swift in Sources */,
				0ABA2823288D5B55000D889B /* SceneDelegate.swift in Sources */,
			);
			runOnlyForDeploymentPostprocessing = 0;
		};
/* End PBXSourcesBuildPhase section */

/* Begin PBXVariantGroup section */
		0ABA2826288D5B55000D889B /* Main.storyboard */ = {
			isa = PBXVariantGroup;
			children = (
				0ABA2827288D5B55000D889B /* Base */,
			);
			name = Main.storyboard;
			sourceTree = "<group>";
		};
		0ABA282B288D5B56000D889B /* LaunchScreen.storyboard */ = {
			isa = PBXVariantGroup;
			children = (
				0ABA282C288D5B56000D889B /* Base */,
			);
			name = LaunchScreen.storyboard;
			sourceTree = "<group>";
		};
/* End PBXVariantGroup section */

/* Begin XCBuildConfiguration section */
		0ABA282F288D5B56000D889B /* Debug */ = {
			isa = XCBuildConfiguration;
			buildSettings = {
				ALWAYS_SEARCH_USER_PATHS = NO;
				CLANG_ANALYZER_NONNULL = YES;
				CLANG_ANALYZER_NUMBER_OBJECT_CONVERSION = YES_AGGRESSIVE;
				CLANG_CXX_LANGUAGE_STANDARD = "gnu++17";
				CLANG_ENABLE_MODULES = YES;
				CLANG_ENABLE_OBJC_ARC = YES;
				CLANG_ENABLE_OBJC_WEAK = YES;
				CLANG_WARN_BLOCK_CAPTURE_AUTORELEASING = YES;
				CLANG_WARN_BOOL_CONVERSION = YES;
				CLANG_WARN_COMMA = YES;
				CLANG_WARN_CONSTANT_CONVERSION = YES;
				CLANG_WARN_DEPRECATED_OBJC_IMPLEMENTATIONS = YES;
				CLANG_WARN_DIRECT_OBJC_ISA_USAGE = YES_ERROR;
				CLANG_WARN_DOCUMENTATION_COMMENTS = YES;
				CLANG_WARN_EMPTY_BODY = YES;
				CLANG_WARN_ENUM_CONVERSION = YES;
				CLANG_WARN_INFINITE_RECURSION = YES;
				CLANG_WARN_INT_CONVERSION = YES;
				CLANG_WARN_NON_LITERAL_NULL_CONVERSION = YES;
				CLANG_WARN_OBJC_IMPLICIT_RETAIN_SELF = YES;
				CLANG_WARN_OBJC_LITERAL_CONVERSION = YES;
				CLANG_WARN_OBJC_ROOT_CLASS = YES_ERROR;
				CLANG_WARN_QUOTED_INCLUDE_IN_FRAMEWORK_HEADER = YES;
				CLANG_WARN_RANGE_LOOP_ANALYSIS = YES;
				CLANG_WARN_STRICT_PROTOTYPES = YES;
				CLANG_WARN_SUSPICIOUS_MOVE = YES;
				CLANG_WARN_UNGUARDED_AVAILABILITY = YES_AGGRESSIVE;
				CLANG_WARN_UNREACHABLE_CODE = YES;
				CLANG_WARN__DUPLICATE_METHOD_MATCH = YES;
				COPY_PHASE_STRIP = NO;
				DEBUG_INFORMATION_FORMAT = dwarf;
				ENABLE_STRICT_OBJC_MSGSEND = YES;
				ENABLE_TESTABILITY = YES;
				GCC_C_LANGUAGE_STANDARD = gnu11;
				GCC_DYNAMIC_NO_PIC = NO;
				GCC_NO_COMMON_BLOCKS = YES;
				GCC_OPTIMIZATION_LEVEL = 0;
				GCC_PREPROCESSOR_DEFINITIONS = (
					"DEBUG=1",
					"$(inherited)",
				);
				GCC_WARN_64_TO_32_BIT_CONVERSION = YES;
				GCC_WARN_ABOUT_RETURN_TYPE = YES_ERROR;
				GCC_WARN_UNDECLARED_SELECTOR = YES;
				GCC_WARN_UNINITIALIZED_AUTOS = YES_AGGRESSIVE;
				GCC_WARN_UNUSED_FUNCTION = YES;
				GCC_WARN_UNUSED_VARIABLE = YES;
				IPHONEOS_DEPLOYMENT_TARGET = 15.5;
				MTL_ENABLE_DEBUG_INFO = INCLUDE_SOURCE;
				MTL_FAST_MATH = YES;
				ONLY_ACTIVE_ARCH = YES;
				SDKROOT = iphoneos;
				SWIFT_ACTIVE_COMPILATION_CONDITIONS = DEBUG;
				SWIFT_OPTIMIZATION_LEVEL = "-Onone";
			};
			name = Debug;
		};
		0ABA2830288D5B56000D889B /* Release */ = {
			isa = XCBuildConfiguration;
			buildSettings = {
				ALWAYS_SEARCH_USER_PATHS = NO;
				CLANG_ANALYZER_NONNULL = YES;
				CLANG_ANALYZER_NUMBER_OBJECT_CONVERSION = YES_AGGRESSIVE;
				CLANG_CXX_LANGUAGE_STANDARD = "gnu++17";
				CLANG_ENABLE_MODULES = YES;
				CLANG_ENABLE_OBJC_ARC = YES;
				CLANG_ENABLE_OBJC_WEAK = YES;
				CLANG_WARN_BLOCK_CAPTURE_AUTORELEASING = YES;
				CLANG_WARN_BOOL_CONVERSION = YES;
				CLANG_WARN_COMMA = YES;
				CLANG_WARN_CONSTANT_CONVERSION = YES;
				CLANG_WARN_DEPRECATED_OBJC_IMPLEMENTATIONS = YES;
				CLANG_WARN_DIRECT_OBJC_ISA_USAGE = YES_ERROR;
				CLANG_WARN_DOCUMENTATION_COMMENTS = YES;
				CLANG_WARN_EMPTY_BODY = YES;
				CLANG_WARN_ENUM_CONVERSION = YES;
				CLANG_WARN_INFINITE_RECURSION = YES;
				CLANG_WARN_INT_CONVERSION = YES;
				CLANG_WARN_NON_LITERAL_NULL_CONVERSION = YES;
				CLANG_WARN_OBJC_IMPLICIT_RETAIN_SELF = YES;
				CLANG_WARN_OBJC_LITERAL_CONVERSION = YES;
				CLANG_WARN_OBJC_ROOT_CLASS = YES_ERROR;
				CLANG_WARN_QUOTED_INCLUDE_IN_FRAMEWORK_HEADER = YES;
				CLANG_WARN_RANGE_LOOP_ANALYSIS = YES;
				CLANG_WARN_STRICT_PROTOTYPES = YES;
				CLANG_WARN_SUSPICIOUS_MOVE = YES;
				CLANG_WARN_UNGUARDED_AVAILABILITY = YES_AGGRESSIVE;
				CLANG_WARN_UNREACHABLE_CODE = YES;
				CLANG_WARN__DUPLICATE_METHOD_MATCH = YES;
				COPY_PHASE_STRIP = NO;
				DEBUG_INFORMATION_FORMAT = "dwarf-with-dsym";
				ENABLE_NS_ASSERTIONS = NO;
				ENABLE_STRICT_OBJC_MSGSEND = YES;
				GCC_C_LANGUAGE_STANDARD = gnu11;
				GCC_NO_COMMON_BLOCKS = YES;
				GCC_WARN_64_TO_32_BIT_CONVERSION = YES;
				GCC_WARN_ABOUT_RETURN_TYPE = YES_ERROR;
				GCC_WARN_UNDECLARED_SELECTOR = YES;
				GCC_WARN_UNINITIALIZED_AUTOS = YES_AGGRESSIVE;
				GCC_WARN_UNUSED_FUNCTION = YES;
				GCC_WARN_UNUSED_VARIABLE = YES;
				IPHONEOS_DEPLOYMENT_TARGET = 15.5;
				MTL_ENABLE_DEBUG_INFO = NO;
				MTL_FAST_MATH = YES;
				SDKROOT = iphoneos;
				SWIFT_COMPILATION_MODE = wholemodule;
				SWIFT_OPTIMIZATION_LEVEL = "-O";
				VALIDATE_PRODUCT = YES;
			};
			name = Release;
		};
		0ABA2832288D5B56000D889B /* Debug */ = {
			isa = XCBuildConfiguration;
			baseConfigurationReference = 47C5C925F8CF8A111AFD7E1E /* Pods-GoodListener.debug.xcconfig */;
			buildSettings = {
				ASSETCATALOG_COMPILER_APPICON_NAME = AppIcon;
				ASSETCATALOG_COMPILER_GLOBAL_ACCENT_COLOR_NAME = AccentColor;
				CODE_SIGN_STYLE = Automatic;
				CURRENT_PROJECT_VERSION = 1;
				DEVELOPMENT_TEAM = 7ZK7Q3JHK4;
				GENERATE_INFOPLIST_FILE = YES;
				INFOPLIST_FILE = GoodListener/Resources/Info.plist;
				INFOPLIST_KEY_UIApplicationSupportsIndirectInputEvents = YES;
				INFOPLIST_KEY_UILaunchStoryboardName = LaunchScreen;
				INFOPLIST_KEY_UIMainStoryboardFile = Main;
				INFOPLIST_KEY_UISupportedInterfaceOrientations_iPad = "UIInterfaceOrientationPortrait UIInterfaceOrientationPortraitUpsideDown UIInterfaceOrientationLandscapeLeft UIInterfaceOrientationLandscapeRight";
				INFOPLIST_KEY_UISupportedInterfaceOrientations_iPhone = "UIInterfaceOrientationPortrait UIInterfaceOrientationLandscapeLeft UIInterfaceOrientationLandscapeRight";
				IPHONEOS_DEPLOYMENT_TARGET = 13.0;
				LD_RUNPATH_SEARCH_PATHS = (
					"$(inherited)",
					"@executable_path/Frameworks",
				);
				MARKETING_VERSION = 1.0;
				PRODUCT_BUNDLE_IDENTIFIER = com.heelpass.GoodListener;
				PRODUCT_NAME = "$(TARGET_NAME)";
				SWIFT_EMIT_LOC_STRINGS = YES;
				SWIFT_VERSION = 5.0;
				TARGETED_DEVICE_FAMILY = "1,2";
			};
			name = Debug;
		};
		0ABA2833288D5B56000D889B /* Release */ = {
			isa = XCBuildConfiguration;
			baseConfigurationReference = 0F1AC0E77A46575A9E243914 /* Pods-GoodListener.release.xcconfig */;
			buildSettings = {
				ASSETCATALOG_COMPILER_APPICON_NAME = AppIcon;
				ASSETCATALOG_COMPILER_GLOBAL_ACCENT_COLOR_NAME = AccentColor;
				CODE_SIGN_STYLE = Automatic;
				CURRENT_PROJECT_VERSION = 1;
				DEVELOPMENT_TEAM = 7ZK7Q3JHK4;
				GENERATE_INFOPLIST_FILE = YES;
				INFOPLIST_FILE = GoodListener/Resources/Info.plist;
				INFOPLIST_KEY_UIApplicationSupportsIndirectInputEvents = YES;
				INFOPLIST_KEY_UILaunchStoryboardName = LaunchScreen;
				INFOPLIST_KEY_UIMainStoryboardFile = Main;
				INFOPLIST_KEY_UISupportedInterfaceOrientations_iPad = "UIInterfaceOrientationPortrait UIInterfaceOrientationPortraitUpsideDown UIInterfaceOrientationLandscapeLeft UIInterfaceOrientationLandscapeRight";
				INFOPLIST_KEY_UISupportedInterfaceOrientations_iPhone = "UIInterfaceOrientationPortrait UIInterfaceOrientationLandscapeLeft UIInterfaceOrientationLandscapeRight";
				IPHONEOS_DEPLOYMENT_TARGET = 13.0;
				LD_RUNPATH_SEARCH_PATHS = (
					"$(inherited)",
					"@executable_path/Frameworks",
				);
				MARKETING_VERSION = 1.0;
				PRODUCT_BUNDLE_IDENTIFIER = com.heelpass.GoodListener;
				PRODUCT_NAME = "$(TARGET_NAME)";
				SWIFT_EMIT_LOC_STRINGS = YES;
				SWIFT_VERSION = 5.0;
				TARGETED_DEVICE_FAMILY = "1,2";
			};
			name = Release;
		};
/* End XCBuildConfiguration section */

/* Begin XCConfigurationList section */
		0ABA2818288D5B55000D889B /* Build configuration list for PBXProject "GoodListener" */ = {
			isa = XCConfigurationList;
			buildConfigurations = (
				0ABA282F288D5B56000D889B /* Debug */,
				0ABA2830288D5B56000D889B /* Release */,
			);
			defaultConfigurationIsVisible = 0;
			defaultConfigurationName = Release;
		};
		0ABA2831288D5B56000D889B /* Build configuration list for PBXNativeTarget "GoodListener" */ = {
			isa = XCConfigurationList;
			buildConfigurations = (
				0ABA2832288D5B56000D889B /* Debug */,
				0ABA2833288D5B56000D889B /* Release */,
			);
			defaultConfigurationIsVisible = 0;
			defaultConfigurationName = Release;
		};
/* End XCConfigurationList section */
	};
	rootObject = 0ABA2815288D5B55000D889B /* Project object */;
}
